// !$*UTF8*$!
{
	archiveVersion = 1;
	classes = {
	};
	objectVersion = 56;
	objects = {

/* Begin PBXBuildFile section */
		AA0000000000000000000096 /* GPSTrackerApp.swift in Sources */ = {isa = PBXBuildFile; fileRef = AA0000000000000000000003 /* GPSTrackerApp.swift */; };
		AA0000000000000000000097 /* RootView.swift in Sources */ = {isa = PBXBuildFile; fileRef = AA0000000000000000000004 /* RootView.swift */; };
		AA0000000000000000000098 /* CelebrationOverlay.swift in Sources */ = {isa = PBXBuildFile; fileRef = AA0000000000000000000006 /* CelebrationOverlay.swift */; };
		AA0000000000000000000099 /* EmptyStateView.swift in Sources */ = {isa = PBXBuildFile; fileRef = AA0000000000000000000007 /* EmptyStateView.swift */; };
		AA000000000000000000009A /* MetricViews.swift in Sources */ = {isa = PBXBuildFile; fileRef = AA0000000000000000000008 /* MetricViews.swift */; };
		AA000000000000000000009B /* RouteRendering.swift in Sources */ = {isa = PBXBuildFile; fileRef = AA0000000000000000000009 /* RouteRendering.swift */; };
		AA000000000000000000009C /* SlideToConfirm.swift in Sources */ = {isa = PBXBuildFile; fileRef = AA000000000000000000000A /* SlideToConfirm.swift */; };
		AA000000000000000000009D /* Theme.swift in Sources */ = {isa = PBXBuildFile; fileRef = AA000000000000000000000B /* Theme.swift */; };
		AA000000000000000000009E /* ValueEditors.swift in Sources */ = {isa = PBXBuildFile; fileRef = AA000000000000000000000C /* ValueEditors.swift */; };
		AA000000000000000000009F /* Achievements.swift in Sources */ = {isa = PBXBuildFile; fileRef = AA000000000000000000000E /* Achievements.swift */; };
		AA00000000000000000000A0 /* ActiveWorkoutStore.swift in Sources */ = {isa = PBXBuildFile; fileRef = AA000000000000000000000F /* ActiveWorkoutStore.swift */; };
		AA00000000000000000000A1 /* ActivityTypeDetector.swift in Sources */ = {isa = PBXBuildFile; fileRef = AA0000000000000000000010 /* ActivityTypeDetector.swift */; };
		AA00000000000000000000A2 /* AltimeterManager.swift in Sources */ = {isa = PBXBuildFile; fileRef = AA0000000000000000000011 /* AltimeterManager.swift */; };
		AA00000000000000000000A3 /* AnnouncementService.swift in Sources */ = {isa = PBXBuildFile; fileRef = AA0000000000000000000012 /* AnnouncementService.swift */; };
		AA00000000000000000000A4 /* AppSettings.swift in Sources */ = {isa = PBXBuildFile; fileRef = AA0000000000000000000013 /* AppSettings.swift */; };
		AA00000000000000000000A5 /* AppShortcuts.swift in Sources */ = {isa = PBXBuildFile; fileRef = AA0000000000000000000014 /* AppShortcuts.swift */; };
		AA00000000000000000000A6 /* BackupManager.swift in Sources */ = {isa = PBXBuildFile; fileRef = AA0000000000000000000015 /* BackupManager.swift */; };
		AA00000000000000000000A7 /* BestEfforts.swift in Sources */ = {isa = PBXBuildFile; fileRef = AA0000000000000000000016 /* BestEfforts.swift */; };
		AA00000000000000000000A8 /* CadenceMetronome.swift in Sources */ = {isa = PBXBuildFile; fileRef = AA0000000000000000000017 /* CadenceMetronome.swift */; };
		AA00000000000000000000A9 /* BackupCrypto.swift in Sources */ = {isa = PBXBuildFile; fileRef = AA0000000000000000000019 /* BackupCrypto.swift */; };
		AA00000000000000000000AA /* CryptoBox.swift in Sources */ = {isa = PBXBuildFile; fileRef = AA000000000000000000001A /* CryptoBox.swift */; };
		AA00000000000000000000AB /* CueService.swift in Sources */ = {isa = PBXBuildFile; fileRef = AA000000000000000000001B /* CueService.swift */; };
		AA00000000000000000000AC /* CustomSportStore.swift in Sources */ = {isa = PBXBuildFile; fileRef = AA000000000000000000001C /* CustomSportStore.swift */; };
		AA00000000000000000000AD /* DailyActivityProvider.swift in Sources */ = {isa = PBXBuildFile; fileRef = AA000000000000000000001D /* DailyActivityProvider.swift */; };
		AA00000000000000000000AE /* DataExporter.swift in Sources */ = {isa = PBXBuildFile; fileRef = AA000000000000000000001E /* DataExporter.swift */; };
		AA00000000000000000000AF /* DataIntegrity.swift in Sources */ = {isa = PBXBuildFile; fileRef = AA000000000000000000001F /* DataIntegrity.swift */; };
		AA00000000000000000000B0 /* DatabaseHealth.swift in Sources */ = {isa = PBXBuildFile; fileRef = AA0000000000000000000020 /* DatabaseHealth.swift */; };
		AA00000000000000000000B1 /* Disciplines.swift in Sources */ = {isa = PBXBuildFile; fileRef = AA0000000000000000000021 /* Disciplines.swift */; };
		AA00000000000000000000B2 /* ExerciseLibrary.swift in Sources */ = {isa = PBXBuildFile; fileRef = AA0000000000000000000022 /* ExerciseLibrary.swift */; };
		AA00000000000000000000B3 /* FitnessTest.swift in Sources */ = {isa = PBXBuildFile; fileRef = AA0000000000000000000023 /* FitnessTest.swift */; };
		AA00000000000000000000B4 /* FitnessTestEngine.swift in Sources */ = {isa = PBXBuildFile; fileRef = AA0000000000000000000024 /* FitnessTestEngine.swift */; };
		AA00000000000000000000B5 /* Formatters.swift in Sources */ = {isa = PBXBuildFile; fileRef = AA0000000000000000000025 /* Formatters.swift */; };
		AA00000000000000000000B6 /* GPSWorkoutRecorder.swift in Sources */ = {isa = PBXBuildFile; fileRef = AA0000000000000000000026 /* GPSWorkoutRecorder.swift */; };
		AA00000000000000000000B7 /* GeoMath.swift in Sources */ = {isa = PBXBuildFile; fileRef = AA0000000000000000000027 /* GeoMath.swift */; };
		AA00000000000000000000B8 /* Glossary.swift in Sources */ = {isa = PBXBuildFile; fileRef = AA0000000000000000000028 /* Glossary.swift */; };
		AA00000000000000000000B9 /* HealthBackgroundMonitor.swift in Sources */ = {isa = PBXBuildFile; fileRef = AA0000000000000000000029 /* HealthBackgroundMonitor.swift */; };
		AA00000000000000000000BA /* HealthKitImporter.swift in Sources */ = {isa = PBXBuildFile; fileRef = AA000000000000000000002A /* HealthKitImporter.swift */; };
		AA00000000000000000000BB /* HealthKitManager.swift in Sources */ = {isa = PBXBuildFile; fileRef = AA000000000000000000002B /* HealthKitManager.swift */; };
		AA00000000000000000000BC /* HealthKitSync.swift in Sources */ = {isa = PBXBuildFile; fileRef = AA000000000000000000002C /* HealthKitSync.swift */; };
		AA00000000000000000000BD /* HistoryInsights.swift in Sources */ = {isa = PBXBuildFile; fileRef = AA000000000000000000002D /* HistoryInsights.swift */; };
		AA00000000000000000000BE /* IntensityCalculator.swift in Sources */ = {isa = PBXBuildFile; fileRef = AA000000000000000000002E /* IntensityCalculator.swift */; };
		AA00000000000000000000BF /* IntervalPlan.swift in Sources */ = {isa = PBXBuildFile; fileRef = AA000000000000000000002F /* IntervalPlan.swift */; };
		AA00000000000000000000C0 /* IntervalTimerEngine.swift in Sources */ = {isa = PBXBuildFile; fileRef = AA0000000000000000000030 /* IntervalTimerEngine.swift */; };
		AA00000000000000000000C1 /* LapWorkoutEngine.swift in Sources */ = {isa = PBXBuildFile; fileRef = AA0000000000000000000031 /* LapWorkoutEngine.swift */; };
		AA00000000000000000000C2 /* LegalContent.swift in Sources */ = {isa = PBXBuildFile; fileRef = AA0000000000000000000032 /* LegalContent.swift */; };
		AA00000000000000000000C3 /* LiveActivityController.swift in Sources */ = {isa = PBXBuildFile; fileRef = AA0000000000000000000033 /* LiveActivityController.swift */; };
		AA00000000000000000000C4 /* LocationManager.swift in Sources */ = {isa = PBXBuildFile; fileRef = AA0000000000000000000034 /* LocationManager.swift */; };
		AA00000000000000000000C5 /* MapSnapshotter.swift in Sources */ = {isa = PBXBuildFile; fileRef = AA0000000000000000000035 /* MapSnapshotter.swift */; };
		AA00000000000000000000C6 /* NotificationManager.swift in Sources */ = {isa = PBXBuildFile; fileRef = AA0000000000000000000036 /* NotificationManager.swift */; };
		AA00000000000000000000C7 /* PedometerManager.swift in Sources */ = {isa = PBXBuildFile; fileRef = AA0000000000000000000037 /* PedometerManager.swift */; };
		AA00000000000000000000C8 /* PlankEngine.swift in Sources */ = {isa = PBXBuildFile; fileRef = AA0000000000000000000038 /* PlankEngine.swift */; };
		AA00000000000000000000C9 /* RacePrediction.swift in Sources */ = {isa = PBXBuildFile; fileRef = AA0000000000000000000039 /* RacePrediction.swift */; };
		AA00000000000000000000CA /* RepDetector.swift in Sources */ = {isa = PBXBuildFile; fileRef = AA000000000000000000003A /* RepDetector.swift */; };
		AA00000000000000000000CB /* RouteCluster.swift in Sources */ = {isa = PBXBuildFile; fileRef = AA000000000000000000003B /* RouteCluster.swift */; };
		AA00000000000000000000CC /* RouteFileExporter.swift in Sources */ = {isa = PBXBuildFile; fileRef = AA000000000000000000003C /* RouteFileExporter.swift */; };
		AA00000000000000000000CD /* RouteFileImporter.swift in Sources */ = {isa = PBXBuildFile; fileRef = AA000000000000000000003D /* RouteFileImporter.swift */; };
		AA00000000000000000000CE /* RouteVideoExporter.swift in Sources */ = {isa = PBXBuildFile; fileRef = AA000000000000000000003E /* RouteVideoExporter.swift */; };
		AA00000000000000000000CF /* SportCatalog.swift in Sources */ = {isa = PBXBuildFile; fileRef = AA000000000000000000003F /* SportCatalog.swift */; };
		AA00000000000000000000D0 /* StatsEngine.swift in Sources */ = {isa = PBXBuildFile; fileRef = AA0000000000000000000040 /* StatsEngine.swift */; };
		AA00000000000000000000D1 /* StepWorkoutEngine.swift in Sources */ = {isa = PBXBuildFile; fileRef = AA0000000000000000000041 /* StepWorkoutEngine.swift */; };
		AA00000000000000000000D2 /* StrideAutoCalibrator.swift in Sources */ = {isa = PBXBuildFile; fileRef = AA0000000000000000000042 /* StrideAutoCalibrator.swift */; };
		AA00000000000000000000D3 /* StrideCalibration.swift in Sources */ = {isa = PBXBuildFile; fileRef = AA0000000000000000000043 /* StrideCalibration.swift */; };
		AA00000000000000000000D4 /* TrainingLoadEngine.swift in Sources */ = {isa = PBXBuildFile; fileRef = AA0000000000000000000044 /* TrainingLoadEngine.swift */; };
		AA00000000000000000000D5 /* WorkoutActivityAttributes.swift in Sources */ = {isa = PBXBuildFile; fileRef = AA0000000000000000000045 /* WorkoutActivityAttributes.swift */; };
		AA00000000000000000000D6 /* WorkoutTarget.swift in Sources */ = {isa = PBXBuildFile; fileRef = AA0000000000000000000046 /* WorkoutTarget.swift */; };
		AA00000000000000000000D7 /* WorkoutModels.swift in Sources */ = {isa = PBXBuildFile; fileRef = AA0000000000000000000048 /* WorkoutModels.swift */; };
		AA00000000000000000000D8 /* AchievementsView.swift in Sources */ = {isa = PBXBuildFile; fileRef = AA000000000000000000004F /* AchievementsView.swift */; };
		AA00000000000000000000D9 /* DailyActivityView.swift in Sources */ = {isa = PBXBuildFile; fileRef = AA0000000000000000000051 /* DailyActivityView.swift */; };
		AA00000000000000000000DA /* AnalyticsCharts.swift in Sources */ = {isa = PBXBuildFile; fileRef = AA0000000000000000000053 /* AnalyticsCharts.swift */; };
		AA00000000000000000000DB /* AnalyticsView.swift in Sources */ = {isa = PBXBuildFile; fileRef = AA0000000000000000000054 /* AnalyticsView.swift */; };
		AA00000000000000000000DC /* BestEffortViews.swift in Sources */ = {isa = PBXBuildFile; fileRef = AA0000000000000000000055 /* BestEffortViews.swift */; };
		AA00000000000000000000DD /* PredictionViews.swift in Sources */ = {isa = PBXBuildFile; fileRef = AA0000000000000000000056 /* PredictionViews.swift */; };
		AA00000000000000000000DE /* SplitCharts.swift in Sources */ = {isa = PBXBuildFile; fileRef = AA0000000000000000000057 /* SplitCharts.swift */; };
		AA00000000000000000000DF /* BackupView.swift in Sources */ = {isa = PBXBuildFile; fileRef = AA0000000000000000000059 /* BackupView.swift */; };
		AA00000000000000000000E0 /* StrideCalibrationView.swift in Sources */ = {isa = PBXBuildFile; fileRef = AA000000000000000000005B /* StrideCalibrationView.swift */; };
		AA00000000000000000000E1 /* FitnessTestView.swift in Sources */ = {isa = PBXBuildFile; fileRef = AA000000000000000000005D /* FitnessTestView.swift */; };
		AA00000000000000000000E2 /* GPSTrackingView.swift in Sources */ = {isa = PBXBuildFile; fileRef = AA000000000000000000005F /* GPSTrackingView.swift */; };
		AA00000000000000000000E3 /* RoutePlaybackView.swift in Sources */ = {isa = PBXBuildFile; fileRef = AA0000000000000000000060 /* RoutePlaybackView.swift */; };
		AA00000000000000000000E4 /* RouteVideoExportView.swift in Sources */ = {isa = PBXBuildFile; fileRef = AA0000000000000000000061 /* RouteVideoExportView.swift */; };
		AA00000000000000000000E5 /* GlossaryViews.swift in Sources */ = {isa = PBXBuildFile; fileRef = AA0000000000000000000063 /* GlossaryViews.swift */; };
		AA00000000000000000000E6 /* GoalSettingsView.swift in Sources */ = {isa = PBXBuildFile; fileRef = AA0000000000000000000065 /* GoalSettingsView.swift */; };
		AA00000000000000000000E7 /* HistoryListView.swift in Sources */ = {isa = PBXBuildFile; fileRef = AA0000000000000000000067 /* HistoryListView.swift */; };
		AA00000000000000000000E8 /* HomeView.swift in Sources */ = {isa = PBXBuildFile; fileRef = AA0000000000000000000069 /* HomeView.swift */; };
		AA00000000000000000000E9 /* HealthImportView.swift in Sources */ = {isa = PBXBuildFile; fileRef = AA000000000000000000006B /* HealthImportView.swift */; };
		AA00000000000000000000EA /* IndoorRepsView.swift in Sources */ = {isa = PBXBuildFile; fileRef = AA000000000000000000006D /* IndoorRepsView.swift */; };
		AA00000000000000000000EB /* PlankTimerView.swift in Sources */ = {isa = PBXBuildFile; fileRef = AA000000000000000000006E /* PlankTimerView.swift */; };
		AA00000000000000000000EC /* HistoryInsightsView.swift in Sources */ = {isa = PBXBuildFile; fileRef = AA0000000000000000000070 /* HistoryInsightsView.swift */; };
		AA00000000000000000000ED /* IntervalTimerView.swift in Sources */ = {isa = PBXBuildFile; fileRef = AA0000000000000000000072 /* IntervalTimerView.swift */; };
		AA00000000000000000000EE /* LapCounterView.swift in Sources */ = {isa = PBXBuildFile; fileRef = AA0000000000000000000074 /* LapCounterView.swift */; };
		AA00000000000000000000EF /* LegalView.swift in Sources */ = {isa = PBXBuildFile; fileRef = AA0000000000000000000076 /* LegalView.swift */; };
		AA00000000000000000000F0 /* UserGuideView.swift in Sources */ = {isa = PBXBuildFile; fileRef = AA0000000000000000000077 /* UserGuideView.swift */; };
		AA00000000000000000000F1 /* ManualEntryView.swift in Sources */ = {isa = PBXBuildFile; fileRef = AA0000000000000000000079 /* ManualEntryView.swift */; };
		AA00000000000000000000F2 /* OnboardingView.swift in Sources */ = {isa = PBXBuildFile; fileRef = AA000000000000000000007B /* OnboardingView.swift */; };
		AA00000000000000000000F3 /* PBDashboardView.swift in Sources */ = {isa = PBXBuildFile; fileRef = AA000000000000000000007D /* PBDashboardView.swift */; };
		AA00000000000000000000F4 /* WorkoutRecoveryView.swift in Sources */ = {isa = PBXBuildFile; fileRef = AA000000000000000000007F /* WorkoutRecoveryView.swift */; };
		AA00000000000000000000F5 /* SettingsView.swift in Sources */ = {isa = PBXBuildFile; fileRef = AA0000000000000000000081 /* SettingsView.swift */; };
		AA00000000000000000000F6 /* CustomSportEditor.swift in Sources */ = {isa = PBXBuildFile; fileRef = AA0000000000000000000083 /* CustomSportEditor.swift */; };
		AA00000000000000000000F7 /* SportPickerView.swift in Sources */ = {isa = PBXBuildFile; fileRef = AA0000000000000000000084 /* SportPickerView.swift */; };
		AA00000000000000000000F8 /* TimedActivityView.swift in Sources */ = {isa = PBXBuildFile; fileRef = AA0000000000000000000085 /* TimedActivityView.swift */; };
		AA00000000000000000000F9 /* StepWorkoutView.swift in Sources */ = {isa = PBXBuildFile; fileRef = AA0000000000000000000087 /* StepWorkoutView.swift */; };
		AA00000000000000000000FA /* ShareCardView.swift in Sources */ = {isa = PBXBuildFile; fileRef = AA0000000000000000000089 /* ShareCardView.swift */; };
		AA00000000000000000000FB /* WorkoutSummaryView.swift in Sources */ = {isa = PBXBuildFile; fileRef = AA000000000000000000008A /* WorkoutSummaryView.swift */; };
		AA00000000000000000000FC /* DisciplineHostView.swift in Sources */ = {isa = PBXBuildFile; fileRef = AA000000000000000000008C /* DisciplineHostView.swift */; };
		AA00000000000000000000FD /* WorkoutSettingsView.swift in Sources */ = {isa = PBXBuildFile; fileRef = AA000000000000000000008D /* WorkoutSettingsView.swift */; };
		AA00000000000000000000FE /* Assets.xcassets in Resources */ = {isa = PBXBuildFile; fileRef = AA000000000000000000004A /* Assets.xcassets */; };
		AA00000000000000000000FF /* GPSTrackerWidgetsBundle.swift in Sources */ = {isa = PBXBuildFile; fileRef = AA0000000000000000000090 /* GPSTrackerWidgetsBundle.swift */; };
		AA0000000000000000000100 /* StepsWidget.swift in Sources */ = {isa = PBXBuildFile; fileRef = AA0000000000000000000092 /* StepsWidget.swift */; };
		AA0000000000000000000101 /* WeekStepsWidget.swift in Sources */ = {isa = PBXBuildFile; fileRef = AA0000000000000000000093 /* WeekStepsWidget.swift */; };
		AA0000000000000000000102 /* WidgetSupport.swift in Sources */ = {isa = PBXBuildFile; fileRef = AA0000000000000000000094 /* WidgetSupport.swift */; };
		AA0000000000000000000103 /* WorkoutLiveActivity.swift in Sources */ = {isa = PBXBuildFile; fileRef = AA0000000000000000000095 /* WorkoutLiveActivity.swift */; };
		AA0000000000000000000104 /* WorkoutActivityAttributes.swift in Sources */ = {isa = PBXBuildFile; fileRef = AA0000000000000000000045 /* WorkoutActivityAttributes.swift */; };
		AA0000000000000000000113 /* GPSTrackerWidgets.appex in Embed Foundation Extensions */ = {isa = PBXBuildFile; fileRef = AA0000000000000000000106 /* GPSTrackerWidgets.appex */; settings = {ATTRIBUTES = (RemoveHeadersOnCopy, ); }; };
/* End PBXBuildFile section */

/* Begin PBXContainerItemProxy section */
		AA0000000000000000000115 /* PBXContainerItemProxy */ = {
			isa = PBXContainerItemProxy;
			containerPortal = AA000000000000000000010B /* Project object */;
			proxyType = 1;
			remoteGlobalIDString = AA000000000000000000010A;
			remoteInfo = GPSTrackerWidgets;
		};
/* End PBXContainerItemProxy section */

/* Begin PBXCopyFilesBuildPhase section */
		AA000000000000000000010F /* Embed Foundation Extensions */ = {
			isa = PBXCopyFilesBuildPhase;
			buildActionMask = 2147483647;
			dstPath = "";
			dstSubfolderSpec = 13;
			files = (
				AA0000000000000000000113 /* GPSTrackerWidgets.appex in Embed Foundation Extensions */,
			);
			name = "Embed Foundation Extensions";
			runOnlyForDeploymentPostprocessing = 0;
		};
/* End PBXCopyFilesBuildPhase section */

/* Begin PBXFileReference section */
		AA0000000000000000000105 /* GPSTracker.app */ = {isa = PBXFileReference; explicitFileType = wrapper.application; includeInIndex = 0; path = GPSTracker.app; sourceTree = BUILT_PRODUCTS_DIR; };
		AA0000000000000000000106 /* GPSTrackerWidgets.appex */ = {isa = PBXFileReference; explicitFileType = "wrapper.app-extension"; includeInIndex = 0; path = GPSTrackerWidgets.appex; sourceTree = BUILT_PRODUCTS_DIR; };
		AA0000000000000000000003 /* GPSTrackerApp.swift */ = {isa = PBXFileReference; lastKnownFileType = sourcecode.swift; path = GPSTrackerApp.swift; sourceTree = "<group>"; };
		AA0000000000000000000004 /* RootView.swift */ = {isa = PBXFileReference; lastKnownFileType = sourcecode.swift; path = RootView.swift; sourceTree = "<group>"; };
		AA0000000000000000000006 /* CelebrationOverlay.swift */ = {isa = PBXFileReference; lastKnownFileType = sourcecode.swift; path = CelebrationOverlay.swift; sourceTree = "<group>"; };
		AA0000000000000000000007 /* EmptyStateView.swift */ = {isa = PBXFileReference; lastKnownFileType = sourcecode.swift; path = EmptyStateView.swift; sourceTree = "<group>"; };
		AA0000000000000000000008 /* MetricViews.swift */ = {isa = PBXFileReference; lastKnownFileType = sourcecode.swift; path = MetricViews.swift; sourceTree = "<group>"; };
		AA0000000000000000000009 /* RouteRendering.swift */ = {isa = PBXFileReference; lastKnownFileType = sourcecode.swift; path = RouteRendering.swift; sourceTree = "<group>"; };
		AA000000000000000000000A /* SlideToConfirm.swift */ = {isa = PBXFileReference; lastKnownFileType = sourcecode.swift; path = SlideToConfirm.swift; sourceTree = "<group>"; };
		AA000000000000000000000B /* Theme.swift */ = {isa = PBXFileReference; lastKnownFileType = sourcecode.swift; path = Theme.swift; sourceTree = "<group>"; };
		AA000000000000000000000C /* ValueEditors.swift */ = {isa = PBXFileReference; lastKnownFileType = sourcecode.swift; path = ValueEditors.swift; sourceTree = "<group>"; };
		AA000000000000000000000E /* Achievements.swift */ = {isa = PBXFileReference; lastKnownFileType = sourcecode.swift; path = Achievements.swift; sourceTree = "<group>"; };
		AA000000000000000000000F /* ActiveWorkoutStore.swift */ = {isa = PBXFileReference; lastKnownFileType = sourcecode.swift; path = ActiveWorkoutStore.swift; sourceTree = "<group>"; };
		AA0000000000000000000010 /* ActivityTypeDetector.swift */ = {isa = PBXFileReference; lastKnownFileType = sourcecode.swift; path = ActivityTypeDetector.swift; sourceTree = "<group>"; };
		AA0000000000000000000011 /* AltimeterManager.swift */ = {isa = PBXFileReference; lastKnownFileType = sourcecode.swift; path = AltimeterManager.swift; sourceTree = "<group>"; };
		AA0000000000000000000012 /* AnnouncementService.swift */ = {isa = PBXFileReference; lastKnownFileType = sourcecode.swift; path = AnnouncementService.swift; sourceTree = "<group>"; };
		AA0000000000000000000013 /* AppSettings.swift */ = {isa = PBXFileReference; lastKnownFileType = sourcecode.swift; path = AppSettings.swift; sourceTree = "<group>"; };
		AA0000000000000000000014 /* AppShortcuts.swift */ = {isa = PBXFileReference; lastKnownFileType = sourcecode.swift; path = AppShortcuts.swift; sourceTree = "<group>"; };
		AA0000000000000000000015 /* BackupManager.swift */ = {isa = PBXFileReference; lastKnownFileType = sourcecode.swift; path = BackupManager.swift; sourceTree = "<group>"; };
		AA0000000000000000000016 /* BestEfforts.swift */ = {isa = PBXFileReference; lastKnownFileType = sourcecode.swift; path = BestEfforts.swift; sourceTree = "<group>"; };
		AA0000000000000000000017 /* CadenceMetronome.swift */ = {isa = PBXFileReference; lastKnownFileType = sourcecode.swift; path = CadenceMetronome.swift; sourceTree = "<group>"; };
		AA0000000000000000000019 /* BackupCrypto.swift */ = {isa = PBXFileReference; lastKnownFileType = sourcecode.swift; path = BackupCrypto.swift; sourceTree = "<group>"; };
		AA000000000000000000001A /* CryptoBox.swift */ = {isa = PBXFileReference; lastKnownFileType = sourcecode.swift; path = CryptoBox.swift; sourceTree = "<group>"; };
		AA000000000000000000001B /* CueService.swift */ = {isa = PBXFileReference; lastKnownFileType = sourcecode.swift; path = CueService.swift; sourceTree = "<group>"; };
		AA000000000000000000001C /* CustomSportStore.swift */ = {isa = PBXFileReference; lastKnownFileType = sourcecode.swift; path = CustomSportStore.swift; sourceTree = "<group>"; };
		AA000000000000000000001D /* DailyActivityProvider.swift */ = {isa = PBXFileReference; lastKnownFileType = sourcecode.swift; path = DailyActivityProvider.swift; sourceTree = "<group>"; };
		AA000000000000000000001E /* DataExporter.swift */ = {isa = PBXFileReference; lastKnownFileType = sourcecode.swift; path = DataExporter.swift; sourceTree = "<group>"; };
		AA000000000000000000001F /* DataIntegrity.swift */ = {isa = PBXFileReference; lastKnownFileType = sourcecode.swift; path = DataIntegrity.swift; sourceTree = "<group>"; };
		AA0000000000000000000020 /* DatabaseHealth.swift */ = {isa = PBXFileReference; lastKnownFileType = sourcecode.swift; path = DatabaseHealth.swift; sourceTree = "<group>"; };
		AA0000000000000000000021 /* Disciplines.swift */ = {isa = PBXFileReference; lastKnownFileType = sourcecode.swift; path = Disciplines.swift; sourceTree = "<group>"; };
		AA0000000000000000000022 /* ExerciseLibrary.swift */ = {isa = PBXFileReference; lastKnownFileType = sourcecode.swift; path = ExerciseLibrary.swift; sourceTree = "<group>"; };
		AA0000000000000000000023 /* FitnessTest.swift */ = {isa = PBXFileReference; lastKnownFileType = sourcecode.swift; path = FitnessTest.swift; sourceTree = "<group>"; };
		AA0000000000000000000024 /* FitnessTestEngine.swift */ = {isa = PBXFileReference; lastKnownFileType = sourcecode.swift; path = FitnessTestEngine.swift; sourceTree = "<group>"; };
		AA0000000000000000000025 /* Formatters.swift */ = {isa = PBXFileReference; lastKnownFileType = sourcecode.swift; path = Formatters.swift; sourceTree = "<group>"; };
		AA0000000000000000000026 /* GPSWorkoutRecorder.swift */ = {isa = PBXFileReference; lastKnownFileType = sourcecode.swift; path = GPSWorkoutRecorder.swift; sourceTree = "<group>"; };
		AA0000000000000000000027 /* GeoMath.swift */ = {isa = PBXFileReference; lastKnownFileType = sourcecode.swift; path = GeoMath.swift; sourceTree = "<group>"; };
		AA0000000000000000000028 /* Glossary.swift */ = {isa = PBXFileReference; lastKnownFileType = sourcecode.swift; path = Glossary.swift; sourceTree = "<group>"; };
		AA0000000000000000000029 /* HealthBackgroundMonitor.swift */ = {isa = PBXFileReference; lastKnownFileType = sourcecode.swift; path = HealthBackgroundMonitor.swift; sourceTree = "<group>"; };
		AA000000000000000000002A /* HealthKitImporter.swift */ = {isa = PBXFileReference; lastKnownFileType = sourcecode.swift; path = HealthKitImporter.swift; sourceTree = "<group>"; };
		AA000000000000000000002B /* HealthKitManager.swift */ = {isa = PBXFileReference; lastKnownFileType = sourcecode.swift; path = HealthKitManager.swift; sourceTree = "<group>"; };
		AA000000000000000000002C /* HealthKitSync.swift */ = {isa = PBXFileReference; lastKnownFileType = sourcecode.swift; path = HealthKitSync.swift; sourceTree = "<group>"; };
		AA000000000000000000002D /* HistoryInsights.swift */ = {isa = PBXFileReference; lastKnownFileType = sourcecode.swift; path = HistoryInsights.swift; sourceTree = "<group>"; };
		AA000000000000000000002E /* IntensityCalculator.swift */ = {isa = PBXFileReference; lastKnownFileType = sourcecode.swift; path = IntensityCalculator.swift; sourceTree = "<group>"; };
		AA000000000000000000002F /* IntervalPlan.swift */ = {isa = PBXFileReference; lastKnownFileType = sourcecode.swift; path = IntervalPlan.swift; sourceTree = "<group>"; };
		AA0000000000000000000030 /* IntervalTimerEngine.swift */ = {isa = PBXFileReference; lastKnownFileType = sourcecode.swift; path = IntervalTimerEngine.swift; sourceTree = "<group>"; };
		AA0000000000000000000031 /* LapWorkoutEngine.swift */ = {isa = PBXFileReference; lastKnownFileType = sourcecode.swift; path = LapWorkoutEngine.swift; sourceTree = "<group>"; };
		AA0000000000000000000032 /* LegalContent.swift */ = {isa = PBXFileReference; lastKnownFileType = sourcecode.swift; path = LegalContent.swift; sourceTree = "<group>"; };
		AA0000000000000000000033 /* LiveActivityController.swift */ = {isa = PBXFileReference; lastKnownFileType = sourcecode.swift; path = LiveActivityController.swift; sourceTree = "<group>"; };
		AA0000000000000000000034 /* LocationManager.swift */ = {isa = PBXFileReference; lastKnownFileType = sourcecode.swift; path = LocationManager.swift; sourceTree = "<group>"; };
		AA0000000000000000000035 /* MapSnapshotter.swift */ = {isa = PBXFileReference; lastKnownFileType = sourcecode.swift; path = MapSnapshotter.swift; sourceTree = "<group>"; };
		AA0000000000000000000036 /* NotificationManager.swift */ = {isa = PBXFileReference; lastKnownFileType = sourcecode.swift; path = NotificationManager.swift; sourceTree = "<group>"; };
		AA0000000000000000000037 /* PedometerManager.swift */ = {isa = PBXFileReference; lastKnownFileType = sourcecode.swift; path = PedometerManager.swift; sourceTree = "<group>"; };
		AA0000000000000000000038 /* PlankEngine.swift */ = {isa = PBXFileReference; lastKnownFileType = sourcecode.swift; path = PlankEngine.swift; sourceTree = "<group>"; };
		AA0000000000000000000039 /* RacePrediction.swift */ = {isa = PBXFileReference; lastKnownFileType = sourcecode.swift; path = RacePrediction.swift; sourceTree = "<group>"; };
		AA000000000000000000003A /* RepDetector.swift */ = {isa = PBXFileReference; lastKnownFileType = sourcecode.swift; path = RepDetector.swift; sourceTree = "<group>"; };
		AA000000000000000000003B /* RouteCluster.swift */ = {isa = PBXFileReference; lastKnownFileType = sourcecode.swift; path = RouteCluster.swift; sourceTree = "<group>"; };
		AA000000000000000000003C /* RouteFileExporter.swift */ = {isa = PBXFileReference; lastKnownFileType = sourcecode.swift; path = RouteFileExporter.swift; sourceTree = "<group>"; };
		AA000000000000000000003D /* RouteFileImporter.swift */ = {isa = PBXFileReference; lastKnownFileType = sourcecode.swift; path = RouteFileImporter.swift; sourceTree = "<group>"; };
		AA000000000000000000003E /* RouteVideoExporter.swift */ = {isa = PBXFileReference; lastKnownFileType = sourcecode.swift; path = RouteVideoExporter.swift; sourceTree = "<group>"; };
		AA000000000000000000003F /* SportCatalog.swift */ = {isa = PBXFileReference; lastKnownFileType = sourcecode.swift; path = SportCatalog.swift; sourceTree = "<group>"; };
		AA0000000000000000000040 /* StatsEngine.swift */ = {isa = PBXFileReference; lastKnownFileType = sourcecode.swift; path = StatsEngine.swift; sourceTree = "<group>"; };
		AA0000000000000000000041 /* StepWorkoutEngine.swift */ = {isa = PBXFileReference; lastKnownFileType = sourcecode.swift; path = StepWorkoutEngine.swift; sourceTree = "<group>"; };
		AA0000000000000000000042 /* StrideAutoCalibrator.swift */ = {isa = PBXFileReference; lastKnownFileType = sourcecode.swift; path = StrideAutoCalibrator.swift; sourceTree = "<group>"; };
		AA0000000000000000000043 /* StrideCalibration.swift */ = {isa = PBXFileReference; lastKnownFileType = sourcecode.swift; path = StrideCalibration.swift; sourceTree = "<group>"; };
		AA0000000000000000000044 /* TrainingLoadEngine.swift */ = {isa = PBXFileReference; lastKnownFileType = sourcecode.swift; path = TrainingLoadEngine.swift; sourceTree = "<group>"; };
		AA0000000000000000000045 /* WorkoutActivityAttributes.swift */ = {isa = PBXFileReference; lastKnownFileType = sourcecode.swift; path = WorkoutActivityAttributes.swift; sourceTree = "<group>"; };
		AA0000000000000000000046 /* WorkoutTarget.swift */ = {isa = PBXFileReference; lastKnownFileType = sourcecode.swift; path = WorkoutTarget.swift; sourceTree = "<group>"; };
		AA0000000000000000000048 /* WorkoutModels.swift */ = {isa = PBXFileReference; lastKnownFileType = sourcecode.swift; path = WorkoutModels.swift; sourceTree = "<group>"; };
		AA000000000000000000004A /* Assets.xcassets */ = {isa = PBXFileReference; lastKnownFileType = folder.assetcatalog; path = Assets.xcassets; sourceTree = "<group>"; };
		AA000000000000000000004B /* GPSTracker.entitlements */ = {isa = PBXFileReference; lastKnownFileType = text.plist.entitlements; path = GPSTracker.entitlements; sourceTree = "<group>"; };
		AA000000000000000000004C /* Info.plist */ = {isa = PBXFileReference; lastKnownFileType = text.plist.xml; path = Info.plist; sourceTree = "<group>"; };
		AA000000000000000000004F /* AchievementsView.swift */ = {isa = PBXFileReference; lastKnownFileType = sourcecode.swift; path = AchievementsView.swift; sourceTree = "<group>"; };
		AA0000000000000000000051 /* DailyActivityView.swift */ = {isa = PBXFileReference; lastKnownFileType = sourcecode.swift; path = DailyActivityView.swift; sourceTree = "<group>"; };
		AA0000000000000000000053 /* AnalyticsCharts.swift */ = {isa = PBXFileReference; lastKnownFileType = sourcecode.swift; path = AnalyticsCharts.swift; sourceTree = "<group>"; };
		AA0000000000000000000054 /* AnalyticsView.swift */ = {isa = PBXFileReference; lastKnownFileType = sourcecode.swift; path = AnalyticsView.swift; sourceTree = "<group>"; };
		AA0000000000000000000055 /* BestEffortViews.swift */ = {isa = PBXFileReference; lastKnownFileType = sourcecode.swift; path = BestEffortViews.swift; sourceTree = "<group>"; };
		AA0000000000000000000056 /* PredictionViews.swift */ = {isa = PBXFileReference; lastKnownFileType = sourcecode.swift; path = PredictionViews.swift; sourceTree = "<group>"; };
		AA0000000000000000000057 /* SplitCharts.swift */ = {isa = PBXFileReference; lastKnownFileType = sourcecode.swift; path = SplitCharts.swift; sourceTree = "<group>"; };
		AA0000000000000000000059 /* BackupView.swift */ = {isa = PBXFileReference; lastKnownFileType = sourcecode.swift; path = BackupView.swift; sourceTree = "<group>"; };
		AA000000000000000000005B /* StrideCalibrationView.swift */ = {isa = PBXFileReference; lastKnownFileType = sourcecode.swift; path = StrideCalibrationView.swift; sourceTree = "<group>"; };
		AA000000000000000000005D /* FitnessTestView.swift */ = {isa = PBXFileReference; lastKnownFileType = sourcecode.swift; path = FitnessTestView.swift; sourceTree = "<group>"; };
		AA000000000000000000005F /* GPSTrackingView.swift */ = {isa = PBXFileReference; lastKnownFileType = sourcecode.swift; path = GPSTrackingView.swift; sourceTree = "<group>"; };
		AA0000000000000000000060 /* RoutePlaybackView.swift */ = {isa = PBXFileReference; lastKnownFileType = sourcecode.swift; path = RoutePlaybackView.swift; sourceTree = "<group>"; };
		AA0000000000000000000061 /* RouteVideoExportView.swift */ = {isa = PBXFileReference; lastKnownFileType = sourcecode.swift; path = RouteVideoExportView.swift; sourceTree = "<group>"; };
		AA0000000000000000000063 /* GlossaryViews.swift */ = {isa = PBXFileReference; lastKnownFileType = sourcecode.swift; path = GlossaryViews.swift; sourceTree = "<group>"; };
		AA0000000000000000000065 /* GoalSettingsView.swift */ = {isa = PBXFileReference; lastKnownFileType = sourcecode.swift; path = GoalSettingsView.swift; sourceTree = "<group>"; };
		AA0000000000000000000067 /* HistoryListView.swift */ = {isa = PBXFileReference; lastKnownFileType = sourcecode.swift; path = HistoryListView.swift; sourceTree = "<group>"; };
		AA0000000000000000000069 /* HomeView.swift */ = {isa = PBXFileReference; lastKnownFileType = sourcecode.swift; path = HomeView.swift; sourceTree = "<group>"; };
		AA000000000000000000006B /* HealthImportView.swift */ = {isa = PBXFileReference; lastKnownFileType = sourcecode.swift; path = HealthImportView.swift; sourceTree = "<group>"; };
		AA000000000000000000006D /* IndoorRepsView.swift */ = {isa = PBXFileReference; lastKnownFileType = sourcecode.swift; path = IndoorRepsView.swift; sourceTree = "<group>"; };
		AA000000000000000000006E /* PlankTimerView.swift */ = {isa = PBXFileReference; lastKnownFileType = sourcecode.swift; path = PlankTimerView.swift; sourceTree = "<group>"; };
		AA0000000000000000000070 /* HistoryInsightsView.swift */ = {isa = PBXFileReference; lastKnownFileType = sourcecode.swift; path = HistoryInsightsView.swift; sourceTree = "<group>"; };
		AA0000000000000000000072 /* IntervalTimerView.swift */ = {isa = PBXFileReference; lastKnownFileType = sourcecode.swift; path = IntervalTimerView.swift; sourceTree = "<group>"; };
		AA0000000000000000000074 /* LapCounterView.swift */ = {isa = PBXFileReference; lastKnownFileType = sourcecode.swift; path = LapCounterView.swift; sourceTree = "<group>"; };
		AA0000000000000000000076 /* LegalView.swift */ = {isa = PBXFileReference; lastKnownFileType = sourcecode.swift; path = LegalView.swift; sourceTree = "<group>"; };
		AA0000000000000000000077 /* UserGuideView.swift */ = {isa = PBXFileReference; lastKnownFileType = sourcecode.swift; path = UserGuideView.swift; sourceTree = "<group>"; };
		AA0000000000000000000079 /* ManualEntryView.swift */ = {isa = PBXFileReference; lastKnownFileType = sourcecode.swift; path = ManualEntryView.swift; sourceTree = "<group>"; };
		AA000000000000000000007B /* OnboardingView.swift */ = {isa = PBXFileReference; lastKnownFileType = sourcecode.swift; path = OnboardingView.swift; sourceTree = "<group>"; };
		AA000000000000000000007D /* PBDashboardView.swift */ = {isa = PBXFileReference; lastKnownFileType = sourcecode.swift; path = PBDashboardView.swift; sourceTree = "<group>"; };
		AA000000000000000000007F /* WorkoutRecoveryView.swift */ = {isa = PBXFileReference; lastKnownFileType = sourcecode.swift; path = WorkoutRecoveryView.swift; sourceTree = "<group>"; };
		AA0000000000000000000081 /* SettingsView.swift */ = {isa = PBXFileReference; lastKnownFileType = sourcecode.swift; path = SettingsView.swift; sourceTree = "<group>"; };
		AA0000000000000000000083 /* CustomSportEditor.swift */ = {isa = PBXFileReference; lastKnownFileType = sourcecode.swift; path = CustomSportEditor.swift; sourceTree = "<group>"; };
		AA0000000000000000000084 /* SportPickerView.swift */ = {isa = PBXFileReference; lastKnownFileType = sourcecode.swift; path = SportPickerView.swift; sourceTree = "<group>"; };
		AA0000000000000000000085 /* TimedActivityView.swift */ = {isa = PBXFileReference; lastKnownFileType = sourcecode.swift; path = TimedActivityView.swift; sourceTree = "<group>"; };
		AA0000000000000000000087 /* StepWorkoutView.swift */ = {isa = PBXFileReference; lastKnownFileType = sourcecode.swift; path = StepWorkoutView.swift; sourceTree = "<group>"; };
		AA0000000000000000000089 /* ShareCardView.swift */ = {isa = PBXFileReference; lastKnownFileType = sourcecode.swift; path = ShareCardView.swift; sourceTree = "<group>"; };
		AA000000000000000000008A /* WorkoutSummaryView.swift */ = {isa = PBXFileReference; lastKnownFileType = sourcecode.swift; path = WorkoutSummaryView.swift; sourceTree = "<group>"; };
		AA000000000000000000008C /* DisciplineHostView.swift */ = {isa = PBXFileReference; lastKnownFileType = sourcecode.swift; path = DisciplineHostView.swift; sourceTree = "<group>"; };
		AA000000000000000000008D /* WorkoutSettingsView.swift */ = {isa = PBXFileReference; lastKnownFileType = sourcecode.swift; path = WorkoutSettingsView.swift; sourceTree = "<group>"; };
		AA000000000000000000008F /* GPSTrackerWidgets.entitlements */ = {isa = PBXFileReference; lastKnownFileType = text.plist.entitlements; path = GPSTrackerWidgets.entitlements; sourceTree = "<group>"; };
		AA0000000000000000000090 /* GPSTrackerWidgetsBundle.swift */ = {isa = PBXFileReference; lastKnownFileType = sourcecode.swift; path = GPSTrackerWidgetsBundle.swift; sourceTree = "<group>"; };
		AA0000000000000000000091 /* Info.plist */ = {isa = PBXFileReference; lastKnownFileType = text.plist.xml; path = Info.plist; sourceTree = "<group>"; };
		AA0000000000000000000092 /* StepsWidget.swift */ = {isa = PBXFileReference; lastKnownFileType = sourcecode.swift; path = StepsWidget.swift; sourceTree = "<group>"; };
		AA0000000000000000000093 /* WeekStepsWidget.swift */ = {isa = PBXFileReference; lastKnownFileType = sourcecode.swift; path = WeekStepsWidget.swift; sourceTree = "<group>"; };
		AA0000000000000000000094 /* WidgetSupport.swift */ = {isa = PBXFileReference; lastKnownFileType = sourcecode.swift; path = WidgetSupport.swift; sourceTree = "<group>"; };
		AA0000000000000000000095 /* WorkoutLiveActivity.swift */ = {isa = PBXFileReference; lastKnownFileType = sourcecode.swift; path = WorkoutLiveActivity.swift; sourceTree = "<group>"; };
/* End PBXFileReference section */

/* Begin PBXFrameworksBuildPhase section */
		AA000000000000000000010D /* Frameworks */ = {
			isa = PBXFrameworksBuildPhase;
			buildActionMask = 2147483647;
			files = (
			);
			runOnlyForDeploymentPostprocessing = 0;
		};
		AA0000000000000000000111 /* Frameworks */ = {
			isa = PBXFrameworksBuildPhase;
			buildActionMask = 2147483647;
			files = (
			);
			runOnlyForDeploymentPostprocessing = 0;
		};
/* End PBXFrameworksBuildPhase section */

/* Begin PBXGroup section */
		AA0000000000000000000108 = {
			isa = PBXGroup;
			children = (
				AA0000000000000000000001 /* GPSTracker */,
				AA000000000000000000008E /* GPSTrackerWidgets */,
				AA0000000000000000000107 /* Products */,
			);
			sourceTree = "<group>";
		};
		AA0000000000000000000107 /* Products */ = {
			isa = PBXGroup;
			children = (
				AA0000000000000000000105 /* GPSTracker.app */,
				AA0000000000000000000106 /* GPSTrackerWidgets.appex */,
			);
			name = Products;
			sourceTree = "<group>";
		};
		AA0000000000000000000001 /* GPSTracker */ = {
			isa = PBXGroup;
			children = (
				AA0000000000000000000002 /* App */,
				AA0000000000000000000005 /* Components */,
				AA000000000000000000000D /* Core */,
				AA0000000000000000000047 /* Models */,
				AA0000000000000000000049 /* Resources */,
				AA000000000000000000004D /* Views */,
			);
			path = GPSTracker;
			sourceTree = "<group>";
		};
		AA0000000000000000000002 /* App */ = {
			isa = PBXGroup;
			children = (
				AA0000000000000000000003 /* GPSTrackerApp.swift */,
				AA0000000000000000000004 /* RootView.swift */,
			);
			path = App;
			sourceTree = "<group>";
		};
		AA0000000000000000000005 /* Components */ = {
			isa = PBXGroup;
			children = (
				AA0000000000000000000006 /* CelebrationOverlay.swift */,
				AA0000000000000000000007 /* EmptyStateView.swift */,
				AA0000000000000000000008 /* MetricViews.swift */,
				AA0000000000000000000009 /* RouteRendering.swift */,
				AA000000000000000000000A /* SlideToConfirm.swift */,
				AA000000000000000000000B /* Theme.swift */,
				AA000000000000000000000C /* ValueEditors.swift */,
			);
			path = Components;
			sourceTree = "<group>";
		};
		AA000000000000000000000D /* Core */ = {
			isa = PBXGroup;
			children = (
				AA000000000000000000000E /* Achievements.swift */,
				AA000000000000000000000F /* ActiveWorkoutStore.swift */,
				AA0000000000000000000010 /* ActivityTypeDetector.swift */,
				AA0000000000000000000011 /* AltimeterManager.swift */,
				AA0000000000000000000012 /* AnnouncementService.swift */,
				AA0000000000000000000013 /* AppSettings.swift */,
				AA0000000000000000000014 /* AppShortcuts.swift */,
				AA0000000000000000000015 /* BackupManager.swift */,
				AA0000000000000000000016 /* BestEfforts.swift */,
				AA0000000000000000000017 /* CadenceMetronome.swift */,
				AA0000000000000000000018 /* Crypto */,
				AA000000000000000000001B /* CueService.swift */,
				AA000000000000000000001C /* CustomSportStore.swift */,
				AA000000000000000000001D /* DailyActivityProvider.swift */,
				AA000000000000000000001E /* DataExporter.swift */,
				AA000000000000000000001F /* DataIntegrity.swift */,
				AA0000000000000000000020 /* DatabaseHealth.swift */,
				AA0000000000000000000021 /* Disciplines.swift */,
				AA0000000000000000000022 /* ExerciseLibrary.swift */,
				AA0000000000000000000023 /* FitnessTest.swift */,
				AA0000000000000000000024 /* FitnessTestEngine.swift */,
				AA0000000000000000000025 /* Formatters.swift */,
				AA0000000000000000000026 /* GPSWorkoutRecorder.swift */,
				AA0000000000000000000027 /* GeoMath.swift */,
				AA0000000000000000000028 /* Glossary.swift */,
				AA0000000000000000000029 /* HealthBackgroundMonitor.swift */,
				AA000000000000000000002A /* HealthKitImporter.swift */,
				AA000000000000000000002B /* HealthKitManager.swift */,
				AA000000000000000000002C /* HealthKitSync.swift */,
				AA000000000000000000002D /* HistoryInsights.swift */,
				AA000000000000000000002E /* IntensityCalculator.swift */,
				AA000000000000000000002F /* IntervalPlan.swift */,
				AA0000000000000000000030 /* IntervalTimerEngine.swift */,
				AA0000000000000000000031 /* LapWorkoutEngine.swift */,
				AA0000000000000000000032 /* LegalContent.swift */,
				AA0000000000000000000033 /* LiveActivityController.swift */,
				AA0000000000000000000034 /* LocationManager.swift */,
				AA0000000000000000000035 /* MapSnapshotter.swift */,
				AA0000000000000000000036 /* NotificationManager.swift */,
				AA0000000000000000000037 /* PedometerManager.swift */,
				AA0000000000000000000038 /* PlankEngine.swift */,
				AA0000000000000000000039 /* RacePrediction.swift */,
				AA000000000000000000003A /* RepDetector.swift */,
				AA000000000000000000003B /* RouteCluster.swift */,
				AA000000000000000000003C /* RouteFileExporter.swift */,
				AA000000000000000000003D /* RouteFileImporter.swift */,
				AA000000000000000000003E /* RouteVideoExporter.swift */,
				AA000000000000000000003F /* SportCatalog.swift */,
				AA0000000000000000000040 /* StatsEngine.swift */,
				AA0000000000000000000041 /* StepWorkoutEngine.swift */,
				AA0000000000000000000042 /* StrideAutoCalibrator.swift */,
				AA0000000000000000000043 /* StrideCalibration.swift */,
				AA0000000000000000000044 /* TrainingLoadEngine.swift */,
				AA0000000000000000000045 /* WorkoutActivityAttributes.swift */,
				AA0000000000000000000046 /* WorkoutTarget.swift */,
			);
			path = Core;
			sourceTree = "<group>";
		};
		AA0000000000000000000018 /* Crypto */ = {
			isa = PBXGroup;
			children = (
				AA0000000000000000000019 /* BackupCrypto.swift */,
				AA000000000000000000001A /* CryptoBox.swift */,
			);
			path = Crypto;
			sourceTree = "<group>";
		};
		AA0000000000000000000047 /* Models */ = {
			isa = PBXGroup;
			children = (
				AA0000000000000000000048 /* WorkoutModels.swift */,
			);
			path = Models;
			sourceTree = "<group>";
		};
		AA0000000000000000000049 /* Resources */ = {
			isa = PBXGroup;
			children = (
				AA000000000000000000004A /* Assets.xcassets */,
				AA000000000000000000004B /* GPSTracker.entitlements */,
				AA000000000000000000004C /* Info.plist */,
			);
			path = Resources;
			sourceTree = "<group>";
		};
		AA000000000000000000004D /* Views */ = {
			isa = PBXGroup;
			children = (
				AA000000000000000000004E /* Achievements */,
				AA0000000000000000000050 /* Activity */,
				AA0000000000000000000052 /* Analytics */,
				AA0000000000000000000058 /* Backup */,
				AA000000000000000000005A /* Calibration */,
				AA000000000000000000005C /* FitnessTest */,
				AA000000000000000000005E /* GPS */,
				AA0000000000000000000062 /* Glossary */,
				AA0000000000000000000064 /* Goals */,
				AA0000000000000000000066 /* History */,
				AA0000000000000000000068 /* Home */,
				AA000000000000000000006A /* Import */,
				AA000000000000000000006C /* Indoor */,
				AA000000000000000000006F /* Insights */,
				AA0000000000000000000071 /* Interval */,
				AA0000000000000000000073 /* Lap */,
				AA0000000000000000000075 /* Legal */,
				AA0000000000000000000078 /* Manual */,
				AA000000000000000000007A /* Onboarding */,
				AA000000000000000000007C /* Records */,
				AA000000000000000000007E /* Recovery */,
				AA0000000000000000000080 /* Settings */,
				AA0000000000000000000082 /* Sports */,
				AA0000000000000000000086 /* Step */,
				AA0000000000000000000088 /* Summary */,
				AA000000000000000000008B /* Workout */,
			);
			path = Views;
			sourceTree = "<group>";
		};
		AA000000000000000000004E /* Achievements */ = {
			isa = PBXGroup;
			children = (
				AA000000000000000000004F /* AchievementsView.swift */,
			);
			path = Achievements;
			sourceTree = "<group>";
		};
		AA0000000000000000000050 /* Activity */ = {
			isa = PBXGroup;
			children = (
				AA0000000000000000000051 /* DailyActivityView.swift */,
			);
			path = Activity;
			sourceTree = "<group>";
		};
		AA0000000000000000000052 /* Analytics */ = {
			isa = PBXGroup;
			children = (
				AA0000000000000000000053 /* AnalyticsCharts.swift */,
				AA0000000000000000000054 /* AnalyticsView.swift */,
				AA0000000000000000000055 /* BestEffortViews.swift */,
				AA0000000000000000000056 /* PredictionViews.swift */,
				AA0000000000000000000057 /* SplitCharts.swift */,
			);
			path = Analytics;
			sourceTree = "<group>";
		};
		AA0000000000000000000058 /* Backup */ = {
			isa = PBXGroup;
			children = (
				AA0000000000000000000059 /* BackupView.swift */,
			);
			path = Backup;
			sourceTree = "<group>";
		};
		AA000000000000000000005A /* Calibration */ = {
			isa = PBXGroup;
			children = (
				AA000000000000000000005B /* StrideCalibrationView.swift */,
			);
			path = Calibration;
			sourceTree = "<group>";
		};
		AA000000000000000000005C /* FitnessTest */ = {
			isa = PBXGroup;
			children = (
				AA000000000000000000005D /* FitnessTestView.swift */,
			);
			path = FitnessTest;
			sourceTree = "<group>";
		};
		AA000000000000000000005E /* GPS */ = {
			isa = PBXGroup;
			children = (
				AA000000000000000000005F /* GPSTrackingView.swift */,
				AA0000000000000000000060 /* RoutePlaybackView.swift */,
				AA0000000000000000000061 /* RouteVideoExportView.swift */,
			);
			path = GPS;
			sourceTree = "<group>";
		};
		AA0000000000000000000062 /* Glossary */ = {
			isa = PBXGroup;
			children = (
				AA0000000000000000000063 /* GlossaryViews.swift */,
			);
			path = Glossary;
			sourceTree = "<group>";
		};
		AA0000000000000000000064 /* Goals */ = {
			isa = PBXGroup;
			children = (
				AA0000000000000000000065 /* GoalSettingsView.swift */,
			);
			path = Goals;
			sourceTree = "<group>";
		};
		AA0000000000000000000066 /* History */ = {
			isa = PBXGroup;
			children = (
				AA0000000000000000000067 /* HistoryListView.swift */,
			);
			path = History;
			sourceTree = "<group>";
		};
		AA0000000000000000000068 /* Home */ = {
			isa = PBXGroup;
			children = (
				AA0000000000000000000069 /* HomeView.swift */,
			);
			path = Home;
			sourceTree = "<group>";
		};
		AA000000000000000000006A /* Import */ = {
			isa = PBXGroup;
			children = (
				AA000000000000000000006B /* HealthImportView.swift */,
			);
			path = Import;
			sourceTree = "<group>";
		};
		AA000000000000000000006C /* Indoor */ = {
			isa = PBXGroup;
			children = (
				AA000000000000000000006D /* IndoorRepsView.swift */,
				AA000000000000000000006E /* PlankTimerView.swift */,
			);
			path = Indoor;
			sourceTree = "<group>";
		};
		AA000000000000000000006F /* Insights */ = {
			isa = PBXGroup;
			children = (
				AA0000000000000000000070 /* HistoryInsightsView.swift */,
			);
			path = Insights;
			sourceTree = "<group>";
		};
		AA0000000000000000000071 /* Interval */ = {
			isa = PBXGroup;
			children = (
				AA0000000000000000000072 /* IntervalTimerView.swift */,
			);
			path = Interval;
			sourceTree = "<group>";
		};
		AA0000000000000000000073 /* Lap */ = {
			isa = PBXGroup;
			children = (
				AA0000000000000000000074 /* LapCounterView.swift */,
			);
			path = Lap;
			sourceTree = "<group>";
		};
		AA0000000000000000000075 /* Legal */ = {
			isa = PBXGroup;
			children = (
				AA0000000000000000000076 /* LegalView.swift */,
				AA0000000000000000000077 /* UserGuideView.swift */,
			);
			path = Legal;
			sourceTree = "<group>";
		};
		AA0000000000000000000078 /* Manual */ = {
			isa = PBXGroup;
			children = (
				AA0000000000000000000079 /* ManualEntryView.swift */,
			);
			path = Manual;
			sourceTree = "<group>";
		};
		AA000000000000000000007A /* Onboarding */ = {
			isa = PBXGroup;
			children = (
				AA000000000000000000007B /* OnboardingView.swift */,
			);
			path = Onboarding;
			sourceTree = "<group>";
		};
		AA000000000000000000007C /* Records */ = {
			isa = PBXGroup;
			children = (
				AA000000000000000000007D /* PBDashboardView.swift */,
			);
			path = Records;
			sourceTree = "<group>";
		};
		AA000000000000000000007E /* Recovery */ = {
			isa = PBXGroup;
			children = (
				AA000000000000000000007F /* WorkoutRecoveryView.swift */,
			);
			path = Recovery;
			sourceTree = "<group>";
		};
		AA0000000000000000000080 /* Settings */ = {
			isa = PBXGroup;
			children = (
				AA0000000000000000000081 /* SettingsView.swift */,
			);
			path = Settings;
			sourceTree = "<group>";
		};
		AA0000000000000000000082 /* Sports */ = {
			isa = PBXGroup;
			children = (
				AA0000000000000000000083 /* CustomSportEditor.swift */,
				AA0000000000000000000084 /* SportPickerView.swift */,
				AA0000000000000000000085 /* TimedActivityView.swift */,
			);
			path = Sports;
			sourceTree = "<group>";
		};
		AA0000000000000000000086 /* Step */ = {
			isa = PBXGroup;
			children = (
				AA0000000000000000000087 /* StepWorkoutView.swift */,
			);
			path = Step;
			sourceTree = "<group>";
		};
		AA0000000000000000000088 /* Summary */ = {
			isa = PBXGroup;
			children = (
				AA0000000000000000000089 /* ShareCardView.swift */,
				AA000000000000000000008A /* WorkoutSummaryView.swift */,
			);
			path = Summary;
			sourceTree = "<group>";
		};
		AA000000000000000000008B /* Workout */ = {
			isa = PBXGroup;
			children = (
				AA000000000000000000008C /* DisciplineHostView.swift */,
				AA000000000000000000008D /* WorkoutSettingsView.swift */,
			);
			path = Workout;
			sourceTree = "<group>";
		};
		AA000000000000000000008E /* GPSTrackerWidgets */ = {
			isa = PBXGroup;
			children = (
				AA000000000000000000008F /* GPSTrackerWidgets.entitlements */,
				AA0000000000000000000090 /* GPSTrackerWidgetsBundle.swift */,
				AA0000000000000000000091 /* Info.plist */,
				AA0000000000000000000092 /* StepsWidget.swift */,
				AA0000000000000000000093 /* WeekStepsWidget.swift */,
				AA0000000000000000000094 /* WidgetSupport.swift */,
				AA0000000000000000000095 /* WorkoutLiveActivity.swift */,
			);
			path = GPSTrackerWidgets;
			sourceTree = "<group>";
		};
/* End PBXGroup section */

/* Begin PBXNativeTarget section */
		AA0000000000000000000109 /* GPSTracker */ = {
			isa = PBXNativeTarget;
			buildConfigurationList = AA0000000000000000000117 /* Build configuration list for PBXNativeTarget "GPSTracker" */;
			buildPhases = (
				AA000000000000000000010C /* Sources */,
				AA000000000000000000010D /* Frameworks */,
				AA000000000000000000010E /* Resources */,
				AA000000000000000000010F /* Embed Foundation Extensions */,
			);
			buildRules = (
			);
			dependencies = (
				AA0000000000000000000114 /* PBXTargetDependency */,
			);
			name = GPSTracker;
			productName = GPSTracker;
			productReference = AA0000000000000000000105 /* GPSTracker.app */;
			productType = "com.apple.product-type.application";
		};
		AA000000000000000000010A /* GPSTrackerWidgets */ = {
			isa = PBXNativeTarget;
			buildConfigurationList = AA0000000000000000000118 /* Build configuration list for PBXNativeTarget "GPSTrackerWidgets" */;
			buildPhases = (
				AA0000000000000000000110 /* Sources */,
				AA0000000000000000000111 /* Frameworks */,
				AA0000000000000000000112 /* Resources */,
			);
			buildRules = (
			);
			dependencies = (
			);
			name = GPSTrackerWidgets;
			productName = GPSTrackerWidgets;
			productReference = AA0000000000000000000106 /* GPSTrackerWidgets.appex */;
			productType = "com.apple.product-type.app-extension";
		};
/* End PBXNativeTarget section */

/* Begin PBXProject section */
		AA000000000000000000010B /* Project object */ = {
			isa = PBXProject;
			attributes = {
				BuildIndependentTargetsInParallel = 1;
				LastSwiftUpdateCheck = 1500;
				LastUpgradeCheck = 1500;
				TargetAttributes = {
					AA0000000000000000000109 = {
						CreatedOnToolsVersion = 15.0;
					};
					AA000000000000000000010A = {
						CreatedOnToolsVersion = 15.0;
					};
				};
			};
			buildConfigurationList = AA0000000000000000000116 /* Build configuration list for PBXProject "GPSTracker" */;
			compatibilityVersion = "Xcode 14.0";
			developmentRegion = en;
			hasScannedForEncodings = 0;
			knownRegions = (
				en,
				Base,
			);
			mainGroup = AA0000000000000000000108;
			productRefGroup = AA0000000000000000000107 /* Products */;
			projectDirPath = "";
			projectRoot = "";
			targets = (
				AA0000000000000000000109 /* GPSTracker */,
				AA000000000000000000010A /* GPSTrackerWidgets */,
			);
		};
/* End PBXProject section */

/* Begin PBXResourcesBuildPhase section */
		AA000000000000000000010E /* Resources */ = {
			isa = PBXResourcesBuildPhase;
			buildActionMask = 2147483647;
			files = (
				AA00000000000000000000FE /* Assets.xcassets in Resources */,
			);
			runOnlyForDeploymentPostprocessing = 0;
		};
		AA0000000000000000000112 /* Resources */ = {
			isa = PBXResourcesBuildPhase;
			buildActionMask = 2147483647;
			files = (
			);
			runOnlyForDeploymentPostprocessing = 0;
		};
/* End PBXResourcesBuildPhase section */

/* Begin PBXSourcesBuildPhase section */
		AA000000000000000000010C /* Sources */ = {
			isa = PBXSourcesBuildPhase;
			buildActionMask = 2147483647;
			files = (
				AA0000000000000000000096 /* GPSTrackerApp.swift in Sources */,
				AA0000000000000000000097 /* RootView.swift in Sources */,
				AA0000000000000000000098 /* CelebrationOverlay.swift in Sources */,
				AA0000000000000000000099 /* EmptyStateView.swift in Sources */,
				AA000000000000000000009A /* MetricViews.swift in Sources */,
				AA000000000000000000009B /* RouteRendering.swift in Sources */,
				AA000000000000000000009C /* SlideToConfirm.swift in Sources */,
				AA000000000000000000009D /* Theme.swift in Sources */,
				AA000000000000000000009E /* ValueEditors.swift in Sources */,
				AA000000000000000000009F /* Achievements.swift in Sources */,
				AA00000000000000000000A0 /* ActiveWorkoutStore.swift in Sources */,
				AA00000000000000000000A1 /* ActivityTypeDetector.swift in Sources */,
				AA00000000000000000000A2 /* AltimeterManager.swift in Sources */,
				AA00000000000000000000A3 /* AnnouncementService.swift in Sources */,
				AA00000000000000000000A4 /* AppSettings.swift in Sources */,
				AA00000000000000000000A5 /* AppShortcuts.swift in Sources */,
				AA00000000000000000000A6 /* BackupManager.swift in Sources */,
				AA00000000000000000000A7 /* BestEfforts.swift in Sources */,
				AA00000000000000000000A8 /* CadenceMetronome.swift in Sources */,
				AA00000000000000000000A9 /* BackupCrypto.swift in Sources */,
				AA00000000000000000000AA /* CryptoBox.swift in Sources */,
				AA00000000000000000000AB /* CueService.swift in Sources */,
				AA00000000000000000000AC /* CustomSportStore.swift in Sources */,
				AA00000000000000000000AD /* DailyActivityProvider.swift in Sources */,
				AA00000000000000000000AE /* DataExporter.swift in Sources */,
				AA00000000000000000000AF /* DataIntegrity.swift in Sources */,
				AA00000000000000000000B0 /* DatabaseHealth.swift in Sources */,
				AA00000000000000000000B1 /* Disciplines.swift in Sources */,
				AA00000000000000000000B2 /* ExerciseLibrary.swift in Sources */,
				AA00000000000000000000B3 /* FitnessTest.swift in Sources */,
				AA00000000000000000000B4 /* FitnessTestEngine.swift in Sources */,
				AA00000000000000000000B5 /* Formatters.swift in Sources */,
				AA00000000000000000000B6 /* GPSWorkoutRecorder.swift in Sources */,
				AA00000000000000000000B7 /* GeoMath.swift in Sources */,
				AA00000000000000000000B8 /* Glossary.swift in Sources */,
				AA00000000000000000000B9 /* HealthBackgroundMonitor.swift in Sources */,
				AA00000000000000000000BA /* HealthKitImporter.swift in Sources */,
				AA00000000000000000000BB /* HealthKitManager.swift in Sources */,
				AA00000000000000000000BC /* HealthKitSync.swift in Sources */,
				AA00000000000000000000BD /* HistoryInsights.swift in Sources */,
				AA00000000000000000000BE /* IntensityCalculator.swift in Sources */,
				AA00000000000000000000BF /* IntervalPlan.swift in Sources */,
				AA00000000000000000000C0 /* IntervalTimerEngine.swift in Sources */,
				AA00000000000000000000C1 /* LapWorkoutEngine.swift in Sources */,
				AA00000000000000000000C2 /* LegalContent.swift in Sources */,
				AA00000000000000000000C3 /* LiveActivityController.swift in Sources */,
				AA00000000000000000000C4 /* LocationManager.swift in Sources */,
				AA00000000000000000000C5 /* MapSnapshotter.swift in Sources */,
				AA00000000000000000000C6 /* NotificationManager.swift in Sources */,
				AA00000000000000000000C7 /* PedometerManager.swift in Sources */,
				AA00000000000000000000C8 /* PlankEngine.swift in Sources */,
				AA00000000000000000000C9 /* RacePrediction.swift in Sources */,
				AA00000000000000000000CA /* RepDetector.swift in Sources */,
				AA00000000000000000000CB /* RouteCluster.swift in Sources */,
				AA00000000000000000000CC /* RouteFileExporter.swift in Sources */,
				AA00000000000000000000CD /* RouteFileImporter.swift in Sources */,
				AA00000000000000000000CE /* RouteVideoExporter.swift in Sources */,
				AA00000000000000000000CF /* SportCatalog.swift in Sources */,
				AA00000000000000000000D0 /* StatsEngine.swift in Sources */,
				AA00000000000000000000D1 /* StepWorkoutEngine.swift in Sources */,
				AA00000000000000000000D2 /* StrideAutoCalibrator.swift in Sources */,
				AA00000000000000000000D3 /* StrideCalibration.swift in Sources */,
				AA00000000000000000000D4 /* TrainingLoadEngine.swift in Sources */,
				AA00000000000000000000D5 /* WorkoutActivityAttributes.swift in Sources */,
				AA00000000000000000000D6 /* WorkoutTarget.swift in Sources */,
				AA00000000000000000000D7 /* WorkoutModels.swift in Sources */,
				AA00000000000000000000D8 /* AchievementsView.swift in Sources */,
				AA00000000000000000000D9 /* DailyActivityView.swift in Sources */,
				AA00000000000000000000DA /* AnalyticsCharts.swift in Sources */,
				AA00000000000000000000DB /* AnalyticsView.swift in Sources */,
				AA00000000000000000000DC /* BestEffortViews.swift in Sources */,
				AA00000000000000000000DD /* PredictionViews.swift in Sources */,
				AA00000000000000000000DE /* SplitCharts.swift in Sources */,
				AA00000000000000000000DF /* BackupView.swift in Sources */,
				AA00000000000000000000E0 /* StrideCalibrationView.swift in Sources */,
				AA00000000000000000000E1 /* FitnessTestView.swift in Sources */,
				AA00000000000000000000E2 /* GPSTrackingView.swift in Sources */,
				AA00000000000000000000E3 /* RoutePlaybackView.swift in Sources */,
				AA00000000000000000000E4 /* RouteVideoExportView.swift in Sources */,
				AA00000000000000000000E5 /* GlossaryViews.swift in Sources */,
				AA00000000000000000000E6 /* GoalSettingsView.swift in Sources */,
				AA00000000000000000000E7 /* HistoryListView.swift in Sources */,
				AA00000000000000000000E8 /* HomeView.swift in Sources */,
				AA00000000000000000000E9 /* HealthImportView.swift in Sources */,
				AA00000000000000000000EA /* IndoorRepsView.swift in Sources */,
				AA00000000000000000000EB /* PlankTimerView.swift in Sources */,
				AA00000000000000000000EC /* HistoryInsightsView.swift in Sources */,
				AA00000000000000000000ED /* IntervalTimerView.swift in Sources */,
				AA00000000000000000000EE /* LapCounterView.swift in Sources */,
				AA00000000000000000000EF /* LegalView.swift in Sources */,
				AA00000000000000000000F0 /* UserGuideView.swift in Sources */,
				AA00000000000000000000F1 /* ManualEntryView.swift in Sources */,
				AA00000000000000000000F2 /* OnboardingView.swift in Sources */,
				AA00000000000000000000F3 /* PBDashboardView.swift in Sources */,
				AA00000000000000000000F4 /* WorkoutRecoveryView.swift in Sources */,
				AA00000000000000000000F5 /* SettingsView.swift in Sources */,
				AA00000000000000000000F6 /* CustomSportEditor.swift in Sources */,
				AA00000000000000000000F7 /* SportPickerView.swift in Sources */,
				AA00000000000000000000F8 /* TimedActivityView.swift in Sources */,
				AA00000000000000000000F9 /* StepWorkoutView.swift in Sources */,
				AA00000000000000000000FA /* ShareCardView.swift in Sources */,
				AA00000000000000000000FB /* WorkoutSummaryView.swift in Sources */,
				AA00000000000000000000FC /* DisciplineHostView.swift in Sources */,
				AA00000000000000000000FD /* WorkoutSettingsView.swift in Sources */,
			);
			runOnlyForDeploymentPostprocessing = 0;
		};
		AA0000000000000000000110 /* Sources */ = {
			isa = PBXSourcesBuildPhase;
			buildActionMask = 2147483647;
			files = (
				AA00000000000000000000FF /* GPSTrackerWidgetsBundle.swift in Sources */,
				AA0000000000000000000100 /* StepsWidget.swift in Sources */,
				AA0000000000000000000101 /* WeekStepsWidget.swift in Sources */,
				AA0000000000000000000102 /* WidgetSupport.swift in Sources */,
				AA0000000000000000000103 /* WorkoutLiveActivity.swift in Sources */,
				AA0000000000000000000104 /* WorkoutActivityAttributes.swift in Sources */,
			);
			runOnlyForDeploymentPostprocessing = 0;
		};
/* End PBXSourcesBuildPhase section */

/* Begin PBXTargetDependency section */
		AA0000000000000000000114 /* PBXTargetDependency */ = {
			isa = PBXTargetDependency;
			target = AA000000000000000000010A /* GPSTrackerWidgets */;
			targetProxy = AA0000000000000000000115 /* PBXContainerItemProxy */;
		};
/* End PBXTargetDependency section */

/* Begin XCBuildConfiguration section */
		AA0000000000000000000119 /* Debug */ = {
			isa = XCBuildConfiguration;
			buildSettings = {
				ALWAYS_SEARCH_USER_PATHS = NO;
				CLANG_ANALYZER_NONNULL = YES;
				CLANG_ENABLE_MODULES = YES;
				CLANG_ENABLE_OBJC_ARC = YES;
				COPY_PHASE_STRIP = NO;
				ENABLE_STRICT_OBJC_MSGSEND = YES;
				GCC_C_LANGUAGE_STANDARD = gnu17;
				IPHONEOS_DEPLOYMENT_TARGET = 17.0;
				MTL_FAST_MATH = YES;
				SDKROOT = iphoneos;
				SWIFT_VERSION = 5.0;
				DEBUG_INFORMATION_FORMAT = dwarf;
				ENABLE_TESTABILITY = YES;
				GCC_OPTIMIZATION_LEVEL = 0;
				MTL_ENABLE_DEBUG_INFO = INCLUDE_SOURCE;
				ONLY_ACTIVE_ARCH = YES;
				SWIFT_ACTIVE_COMPILATION_CONDITIONS = DEBUG;
				SWIFT_OPTIMIZATION_LEVEL = "-Onone";
			};
			name = Debug;
		};
		AA000000000000000000011A /* Release */ = {
			isa = XCBuildConfiguration;
			buildSettings = {
				ALWAYS_SEARCH_USER_PATHS = NO;
				CLANG_ANALYZER_NONNULL = YES;
				CLANG_ENABLE_MODULES = YES;
				CLANG_ENABLE_OBJC_ARC = YES;
				COPY_PHASE_STRIP = NO;
				ENABLE_STRICT_OBJC_MSGSEND = YES;
				GCC_C_LANGUAGE_STANDARD = gnu17;
				IPHONEOS_DEPLOYMENT_TARGET = 17.0;
				MTL_FAST_MATH = YES;
				SDKROOT = iphoneos;
				SWIFT_VERSION = 5.0;
				DEBUG_INFORMATION_FORMAT = "dwarf-with-dsym";
				ENABLE_NS_ASSERTIONS = NO;
				MTL_ENABLE_DEBUG_INFO = NO;
				SWIFT_COMPILATION_MODE = wholemodule;
				SWIFT_OPTIMIZATION_LEVEL = "-O";
				VALIDATE_PRODUCT = YES;
			};
			name = Release;
		};
		AA000000000000000000011B /* Debug */ = {
			isa = XCBuildConfiguration;
			buildSettings = {
				CODE_SIGN_IDENTITY = "";
				CODE_SIGN_STYLE = Manual;
				CODE_SIGNING_ALLOWED = NO;
				CODE_SIGNING_REQUIRED = NO;
				DEVELOPMENT_TEAM = "";
				PROVISIONING_PROFILE_SPECIFIER = "";
				ASSETCATALOG_COMPILER_APPICON_NAME = AppIcon;
				ASSETCATALOG_COMPILER_GLOBAL_ACCENT_COLOR_NAME = AccentColor;
				CODE_SIGN_ENTITLEMENTS = GPSTracker/Resources/GPSTracker.entitlements;
				CURRENT_PROJECT_VERSION = 1;
				ENABLE_PREVIEWS = YES;
				GENERATE_INFOPLIST_FILE = NO;
				INFOPLIST_FILE = GPSTracker/Resources/Info.plist;
				LD_RUNPATH_SEARCH_PATHS = (
					"$(inherited)",
					"@executable_path/Frameworks",
				);
				MARKETING_VERSION = 3.4;
				PRODUCT_BUNDLE_IDENTIFIER = com.gpstracker.app;
				PRODUCT_NAME = "$(TARGET_NAME)";
				SWIFT_EMIT_LOC_STRINGS = YES;
				TARGETED_DEVICE_FAMILY = "1,2";
			};
			name = Debug;
		};
		AA000000000000000000011C /* Release */ = {
			isa = XCBuildConfiguration;
			buildSettings = {
				CODE_SIGN_IDENTITY = "";
				CODE_SIGN_STYLE = Manual;
				CODE_SIGNING_ALLOWED = NO;
				CODE_SIGNING_REQUIRED = NO;
				DEVELOPMENT_TEAM = "";
				PROVISIONING_PROFILE_SPECIFIER = "";
				ASSETCATALOG_COMPILER_APPICON_NAME = AppIcon;
				ASSETCATALOG_COMPILER_GLOBAL_ACCENT_COLOR_NAME = AccentColor;
				CODE_SIGN_ENTITLEMENTS = GPSTracker/Resources/GPSTracker.entitlements;
				CURRENT_PROJECT_VERSION = 1;
				ENABLE_PREVIEWS = YES;
				GENERATE_INFOPLIST_FILE = NO;
				INFOPLIST_FILE = GPSTracker/Resources/Info.plist;
				LD_RUNPATH_SEARCH_PATHS = (
					"$(inherited)",
					"@executable_path/Frameworks",
				);
				MARKETING_VERSION = 3.4;
				PRODUCT_BUNDLE_IDENTIFIER = com.gpstracker.app;
				PRODUCT_NAME = "$(TARGET_NAME)";
				SWIFT_EMIT_LOC_STRINGS = YES;
				TARGETED_DEVICE_FAMILY = "1,2";
			};
			name = Release;
		};
		AA000000000000000000011D /* Debug */ = {
			isa = XCBuildConfiguration;
			buildSettings = {
				CODE_SIGN_IDENTITY = "";
				CODE_SIGN_STYLE = Manual;
				CODE_SIGNING_ALLOWED = NO;
				CODE_SIGNING_REQUIRED = NO;
				DEVELOPMENT_TEAM = "";
				PROVISIONING_PROFILE_SPECIFIER = "";
				CODE_SIGN_ENTITLEMENTS = GPSTrackerWidgets/GPSTrackerWidgets.entitlements;
				CURRENT_PROJECT_VERSION = 1;
				ENABLE_PREVIEWS = YES;
				GENERATE_INFOPLIST_FILE = NO;
				INFOPLIST_FILE = GPSTrackerWidgets/Info.plist;
				LD_RUNPATH_SEARCH_PATHS = (
					"$(inherited)",
					"@executable_path/Frameworks",
					"@executable_path/../../Frameworks",
				);
				MARKETING_VERSION = 3.4;
				PRODUCT_BUNDLE_IDENTIFIER = com.gpstracker.app.widgets;
				PRODUCT_NAME = "$(TARGET_NAME)";
				SKIP_INSTALL = YES;
				SWIFT_EMIT_LOC_STRINGS = YES;
				TARGETED_DEVICE_FAMILY = "1,2";
			};
			name = Debug;
		};
		AA000000000000000000011E /* Release */ = {
			isa = XCBuildConfiguration;
			buildSettings = {
				CODE_SIGN_IDENTITY = "";
				CODE_SIGN_STYLE = Manual;
				CODE_SIGNING_ALLOWED = NO;
				CODE_SIGNING_REQUIRED = NO;
				DEVELOPMENT_TEAM = "";
				PROVISIONING_PROFILE_SPECIFIER = "";
				CODE_SIGN_ENTITLEMENTS = GPSTrackerWidgets/GPSTrackerWidgets.entitlements;
				CURRENT_PROJECT_VERSION = 1;
				ENABLE_PREVIEWS = YES;
				GENERATE_INFOPLIST_FILE = NO;
				INFOPLIST_FILE = GPSTrackerWidgets/Info.plist;
				LD_RUNPATH_SEARCH_PATHS = (
					"$(inherited)",
					"@executable_path/Frameworks",
					"@executable_path/../../Frameworks",
				);
				MARKETING_VERSION = 3.4;
				PRODUCT_BUNDLE_IDENTIFIER = com.gpstracker.app.widgets;
				PRODUCT_NAME = "$(TARGET_NAME)";
				SKIP_INSTALL = YES;
				SWIFT_EMIT_LOC_STRINGS = YES;
				TARGETED_DEVICE_FAMILY = "1,2";
			};
			name = Release;
		};
/* End XCBuildConfiguration section */

/* Begin XCConfigurationList section */
		AA0000000000000000000116 /* Build configuration list for PBXProject "GPSTracker" */ = {
			isa = XCConfigurationList;
			buildConfigurations = (
				AA0000000000000000000119 /* Debug */,
				AA000000000000000000011A /* Release */,
			);
			defaultConfigurationIsVisible = 0;
			defaultConfigurationName = Release;
		};
		AA0000000000000000000117 /* Build configuration list for PBXNativeTarget "GPSTracker" */ = {
			isa = XCConfigurationList;
			buildConfigurations = (
				AA000000000000000000011B /* Debug */,
				AA000000000000000000011C /* Release */,
			);
			defaultConfigurationIsVisible = 0;
			defaultConfigurationName = Release;
		};
		AA0000000000000000000118 /* Build configuration list for PBXNativeTarget "GPSTrackerWidgets" */ = {
			isa = XCConfigurationList;
			buildConfigurations = (
				AA000000000000000000011D /* Debug */,
				AA000000000000000000011E /* Release */,
			);
			defaultConfigurationIsVisible = 0;
			defaultConfigurationName = Release;
		};
/* End XCConfigurationList section */
	};
	rootObject = AA000000000000000000010B /* Project object */;
}
