// !$*UTF8*$!
{
	archiveVersion = 1;
	classes = {
	};
	objectVersion = 56;
	objects = {

/* Begin PBXBuildFile section */
		AA0000000000000000000063 /* GPSTrackerApp.swift in Sources */ = {isa = PBXBuildFile; fileRef = AA0000000000000000000003 /* GPSTrackerApp.swift */; };
		AA0000000000000000000064 /* RootView.swift in Sources */ = {isa = PBXBuildFile; fileRef = AA0000000000000000000004 /* RootView.swift */; };
		AA0000000000000000000065 /* CelebrationOverlay.swift in Sources */ = {isa = PBXBuildFile; fileRef = AA0000000000000000000006 /* CelebrationOverlay.swift */; };
		AA0000000000000000000066 /* EmptyStateView.swift in Sources */ = {isa = PBXBuildFile; fileRef = AA0000000000000000000007 /* EmptyStateView.swift */; };
		AA0000000000000000000067 /* MetricViews.swift in Sources */ = {isa = PBXBuildFile; fileRef = AA0000000000000000000008 /* MetricViews.swift */; };
		AA0000000000000000000068 /* RouteRendering.swift in Sources */ = {isa = PBXBuildFile; fileRef = AA0000000000000000000009 /* RouteRendering.swift */; };
		AA0000000000000000000069 /* Theme.swift in Sources */ = {isa = PBXBuildFile; fileRef = AA000000000000000000000A /* Theme.swift */; };
		AA000000000000000000006A /* ActivityTypeDetector.swift in Sources */ = {isa = PBXBuildFile; fileRef = AA000000000000000000000C /* ActivityTypeDetector.swift */; };
		AA000000000000000000006B /* AltimeterManager.swift in Sources */ = {isa = PBXBuildFile; fileRef = AA000000000000000000000D /* AltimeterManager.swift */; };
		AA000000000000000000006C /* AppSettings.swift in Sources */ = {isa = PBXBuildFile; fileRef = AA000000000000000000000E /* AppSettings.swift */; };
		AA000000000000000000006D /* CadenceMetronome.swift in Sources */ = {isa = PBXBuildFile; fileRef = AA000000000000000000000F /* CadenceMetronome.swift */; };
		AA000000000000000000006E /* CueService.swift in Sources */ = {isa = PBXBuildFile; fileRef = AA0000000000000000000010 /* CueService.swift */; };
		AA000000000000000000006F /* DailyActivityProvider.swift in Sources */ = {isa = PBXBuildFile; fileRef = AA0000000000000000000011 /* DailyActivityProvider.swift */; };
		AA0000000000000000000070 /* DataExporter.swift in Sources */ = {isa = PBXBuildFile; fileRef = AA0000000000000000000012 /* DataExporter.swift */; };
		AA0000000000000000000071 /* DataIntegrity.swift in Sources */ = {isa = PBXBuildFile; fileRef = AA0000000000000000000013 /* DataIntegrity.swift */; };
		AA0000000000000000000072 /* ExerciseLibrary.swift in Sources */ = {isa = PBXBuildFile; fileRef = AA0000000000000000000014 /* ExerciseLibrary.swift */; };
		AA0000000000000000000073 /* FitnessTest.swift in Sources */ = {isa = PBXBuildFile; fileRef = AA0000000000000000000015 /* FitnessTest.swift */; };
		AA0000000000000000000074 /* FitnessTestEngine.swift in Sources */ = {isa = PBXBuildFile; fileRef = AA0000000000000000000016 /* FitnessTestEngine.swift */; };
		AA0000000000000000000075 /* Formatters.swift in Sources */ = {isa = PBXBuildFile; fileRef = AA0000000000000000000017 /* Formatters.swift */; };
		AA0000000000000000000076 /* GPSWorkoutRecorder.swift in Sources */ = {isa = PBXBuildFile; fileRef = AA0000000000000000000018 /* GPSWorkoutRecorder.swift */; };
		AA0000000000000000000077 /* GeoMath.swift in Sources */ = {isa = PBXBuildFile; fileRef = AA0000000000000000000019 /* GeoMath.swift */; };
		AA0000000000000000000078 /* HealthBackgroundMonitor.swift in Sources */ = {isa = PBXBuildFile; fileRef = AA000000000000000000001A /* HealthBackgroundMonitor.swift */; };
		AA0000000000000000000079 /* HealthKitImporter.swift in Sources */ = {isa = PBXBuildFile; fileRef = AA000000000000000000001B /* HealthKitImporter.swift */; };
		AA000000000000000000007A /* HealthKitManager.swift in Sources */ = {isa = PBXBuildFile; fileRef = AA000000000000000000001C /* HealthKitManager.swift */; };
		AA000000000000000000007B /* HealthKitSync.swift in Sources */ = {isa = PBXBuildFile; fileRef = AA000000000000000000001D /* HealthKitSync.swift */; };
		AA000000000000000000007C /* IntensityCalculator.swift in Sources */ = {isa = PBXBuildFile; fileRef = AA000000000000000000001E /* IntensityCalculator.swift */; };
		AA000000000000000000007D /* IntervalTimerEngine.swift in Sources */ = {isa = PBXBuildFile; fileRef = AA000000000000000000001F /* IntervalTimerEngine.swift */; };
		AA000000000000000000007E /* LapWorkoutEngine.swift in Sources */ = {isa = PBXBuildFile; fileRef = AA0000000000000000000020 /* LapWorkoutEngine.swift */; };
		AA000000000000000000007F /* LiveActivityController.swift in Sources */ = {isa = PBXBuildFile; fileRef = AA0000000000000000000021 /* LiveActivityController.swift */; };
		AA0000000000000000000080 /* LocationManager.swift in Sources */ = {isa = PBXBuildFile; fileRef = AA0000000000000000000022 /* LocationManager.swift */; };
		AA0000000000000000000081 /* MapSnapshotter.swift in Sources */ = {isa = PBXBuildFile; fileRef = AA0000000000000000000023 /* MapSnapshotter.swift */; };
		AA0000000000000000000082 /* NotificationManager.swift in Sources */ = {isa = PBXBuildFile; fileRef = AA0000000000000000000024 /* NotificationManager.swift */; };
		AA0000000000000000000083 /* PedometerManager.swift in Sources */ = {isa = PBXBuildFile; fileRef = AA0000000000000000000025 /* PedometerManager.swift */; };
		AA0000000000000000000084 /* RepDetector.swift in Sources */ = {isa = PBXBuildFile; fileRef = AA0000000000000000000026 /* RepDetector.swift */; };
		AA0000000000000000000085 /* RouteFileExporter.swift in Sources */ = {isa = PBXBuildFile; fileRef = AA0000000000000000000027 /* RouteFileExporter.swift */; };
		AA0000000000000000000086 /* StatsEngine.swift in Sources */ = {isa = PBXBuildFile; fileRef = AA0000000000000000000028 /* StatsEngine.swift */; };
		AA0000000000000000000087 /* StepWorkoutEngine.swift in Sources */ = {isa = PBXBuildFile; fileRef = AA0000000000000000000029 /* StepWorkoutEngine.swift */; };
		AA0000000000000000000088 /* StrideAutoCalibrator.swift in Sources */ = {isa = PBXBuildFile; fileRef = AA000000000000000000002A /* StrideAutoCalibrator.swift */; };
		AA0000000000000000000089 /* StrideCalibration.swift in Sources */ = {isa = PBXBuildFile; fileRef = AA000000000000000000002B /* StrideCalibration.swift */; };
		AA000000000000000000008A /* TrainingLoadEngine.swift in Sources */ = {isa = PBXBuildFile; fileRef = AA000000000000000000002C /* TrainingLoadEngine.swift */; };
		AA000000000000000000008B /* WorkoutActivityAttributes.swift in Sources */ = {isa = PBXBuildFile; fileRef = AA000000000000000000002D /* WorkoutActivityAttributes.swift */; };
		AA000000000000000000008C /* WorkoutTarget.swift in Sources */ = {isa = PBXBuildFile; fileRef = AA000000000000000000002E /* WorkoutTarget.swift */; };
		AA000000000000000000008D /* WorkoutModels.swift in Sources */ = {isa = PBXBuildFile; fileRef = AA0000000000000000000030 /* WorkoutModels.swift */; };
		AA000000000000000000008E /* DailyActivityView.swift in Sources */ = {isa = PBXBuildFile; fileRef = AA0000000000000000000037 /* DailyActivityView.swift */; };
		AA000000000000000000008F /* AnalyticsCharts.swift in Sources */ = {isa = PBXBuildFile; fileRef = AA0000000000000000000039 /* AnalyticsCharts.swift */; };
		AA0000000000000000000090 /* AnalyticsView.swift in Sources */ = {isa = PBXBuildFile; fileRef = AA000000000000000000003A /* AnalyticsView.swift */; };
		AA0000000000000000000091 /* SplitCharts.swift in Sources */ = {isa = PBXBuildFile; fileRef = AA000000000000000000003B /* SplitCharts.swift */; };
		AA0000000000000000000092 /* StrideCalibrationView.swift in Sources */ = {isa = PBXBuildFile; fileRef = AA000000000000000000003D /* StrideCalibrationView.swift */; };
		AA0000000000000000000093 /* FitnessTestView.swift in Sources */ = {isa = PBXBuildFile; fileRef = AA000000000000000000003F /* FitnessTestView.swift */; };
		AA0000000000000000000094 /* GPSTrackingView.swift in Sources */ = {isa = PBXBuildFile; fileRef = AA0000000000000000000041 /* GPSTrackingView.swift */; };
		AA0000000000000000000095 /* RoutePlaybackView.swift in Sources */ = {isa = PBXBuildFile; fileRef = AA0000000000000000000042 /* RoutePlaybackView.swift */; };
		AA0000000000000000000096 /* GoalSettingsView.swift in Sources */ = {isa = PBXBuildFile; fileRef = AA0000000000000000000044 /* GoalSettingsView.swift */; };
		AA0000000000000000000097 /* HistoryListView.swift in Sources */ = {isa = PBXBuildFile; fileRef = AA0000000000000000000046 /* HistoryListView.swift */; };
		AA0000000000000000000098 /* HomeView.swift in Sources */ = {isa = PBXBuildFile; fileRef = AA0000000000000000000048 /* HomeView.swift */; };
		AA0000000000000000000099 /* HealthImportView.swift in Sources */ = {isa = PBXBuildFile; fileRef = AA000000000000000000004A /* HealthImportView.swift */; };
		AA000000000000000000009A /* IndoorRepsView.swift in Sources */ = {isa = PBXBuildFile; fileRef = AA000000000000000000004C /* IndoorRepsView.swift */; };
		AA000000000000000000009B /* IntervalTimerView.swift in Sources */ = {isa = PBXBuildFile; fileRef = AA000000000000000000004E /* IntervalTimerView.swift */; };
		AA000000000000000000009C /* LapCounterView.swift in Sources */ = {isa = PBXBuildFile; fileRef = AA0000000000000000000050 /* LapCounterView.swift */; };
		AA000000000000000000009D /* ManualEntryView.swift in Sources */ = {isa = PBXBuildFile; fileRef = AA0000000000000000000052 /* ManualEntryView.swift */; };
		AA000000000000000000009E /* PBDashboardView.swift in Sources */ = {isa = PBXBuildFile; fileRef = AA0000000000000000000054 /* PBDashboardView.swift */; };
		AA000000000000000000009F /* SettingsView.swift in Sources */ = {isa = PBXBuildFile; fileRef = AA0000000000000000000056 /* SettingsView.swift */; };
		AA00000000000000000000A0 /* StepWorkoutView.swift in Sources */ = {isa = PBXBuildFile; fileRef = AA0000000000000000000058 /* StepWorkoutView.swift */; };
		AA00000000000000000000A1 /* ShareCardView.swift in Sources */ = {isa = PBXBuildFile; fileRef = AA000000000000000000005A /* ShareCardView.swift */; };
		AA00000000000000000000A2 /* WorkoutSummaryView.swift in Sources */ = {isa = PBXBuildFile; fileRef = AA000000000000000000005B /* WorkoutSummaryView.swift */; };
		AA00000000000000000000A3 /* Assets.xcassets in Resources */ = {isa = PBXBuildFile; fileRef = AA0000000000000000000032 /* Assets.xcassets */; };
		AA00000000000000000000A4 /* GPSTrackerWidgetsBundle.swift in Sources */ = {isa = PBXBuildFile; fileRef = AA000000000000000000005E /* GPSTrackerWidgetsBundle.swift */; };
		AA00000000000000000000A5 /* StepsWidget.swift in Sources */ = {isa = PBXBuildFile; fileRef = AA0000000000000000000060 /* StepsWidget.swift */; };
		AA00000000000000000000A6 /* WidgetSupport.swift in Sources */ = {isa = PBXBuildFile; fileRef = AA0000000000000000000061 /* WidgetSupport.swift */; };
		AA00000000000000000000A7 /* WorkoutLiveActivity.swift in Sources */ = {isa = PBXBuildFile; fileRef = AA0000000000000000000062 /* WorkoutLiveActivity.swift */; };
		AA00000000000000000000A8 /* WorkoutActivityAttributes.swift in Sources */ = {isa = PBXBuildFile; fileRef = AA000000000000000000002D /* WorkoutActivityAttributes.swift */; };
		AA00000000000000000000B7 /* GPSTrackerWidgets.appex in Embed Foundation Extensions */ = {isa = PBXBuildFile; fileRef = AA00000000000000000000AA /* GPSTrackerWidgets.appex */; settings = {ATTRIBUTES = (RemoveHeadersOnCopy, ); }; };
/* End PBXBuildFile section */

/* Begin PBXContainerItemProxy section */
		AA00000000000000000000B9 /* PBXContainerItemProxy */ = {
			isa = PBXContainerItemProxy;
			containerPortal = AA00000000000000000000AF /* Project object */;
			proxyType = 1;
			remoteGlobalIDString = AA00000000000000000000AE;
			remoteInfo = GPSTrackerWidgets;
		};
/* End PBXContainerItemProxy section */

/* Begin PBXCopyFilesBuildPhase section */
		AA00000000000000000000B3 /* Embed Foundation Extensions */ = {
			isa = PBXCopyFilesBuildPhase;
			buildActionMask = 2147483647;
			dstPath = "";
			dstSubfolderSpec = 13;
			files = (
				AA00000000000000000000B7 /* GPSTrackerWidgets.appex in Embed Foundation Extensions */,
			);
			name = "Embed Foundation Extensions";
			runOnlyForDeploymentPostprocessing = 0;
		};
/* End PBXCopyFilesBuildPhase section */

/* Begin PBXFileReference section */
		AA00000000000000000000A9 /* GPSTracker.app */ = {isa = PBXFileReference; explicitFileType = wrapper.application; includeInIndex = 0; path = GPSTracker.app; sourceTree = BUILT_PRODUCTS_DIR; };
		AA00000000000000000000AA /* GPSTrackerWidgets.appex */ = {isa = PBXFileReference; explicitFileType = "wrapper.app-extension"; includeInIndex = 0; path = GPSTrackerWidgets.appex; sourceTree = BUILT_PRODUCTS_DIR; };
		AA0000000000000000000003 /* GPSTrackerApp.swift */ = {isa = PBXFileReference; lastKnownFileType = sourcecode.swift; path = GPSTrackerApp.swift; sourceTree = "<group>"; };
		AA0000000000000000000004 /* RootView.swift */ = {isa = PBXFileReference; lastKnownFileType = sourcecode.swift; path = RootView.swift; sourceTree = "<group>"; };
		AA0000000000000000000006 /* CelebrationOverlay.swift */ = {isa = PBXFileReference; lastKnownFileType = sourcecode.swift; path = CelebrationOverlay.swift; sourceTree = "<group>"; };
		AA0000000000000000000007 /* EmptyStateView.swift */ = {isa = PBXFileReference; lastKnownFileType = sourcecode.swift; path = EmptyStateView.swift; sourceTree = "<group>"; };
		AA0000000000000000000008 /* MetricViews.swift */ = {isa = PBXFileReference; lastKnownFileType = sourcecode.swift; path = MetricViews.swift; sourceTree = "<group>"; };
		AA0000000000000000000009 /* RouteRendering.swift */ = {isa = PBXFileReference; lastKnownFileType = sourcecode.swift; path = RouteRendering.swift; sourceTree = "<group>"; };
		AA000000000000000000000A /* Theme.swift */ = {isa = PBXFileReference; lastKnownFileType = sourcecode.swift; path = Theme.swift; sourceTree = "<group>"; };
		AA000000000000000000000C /* ActivityTypeDetector.swift */ = {isa = PBXFileReference; lastKnownFileType = sourcecode.swift; path = ActivityTypeDetector.swift; sourceTree = "<group>"; };
		AA000000000000000000000D /* AltimeterManager.swift */ = {isa = PBXFileReference; lastKnownFileType = sourcecode.swift; path = AltimeterManager.swift; sourceTree = "<group>"; };
		AA000000000000000000000E /* AppSettings.swift */ = {isa = PBXFileReference; lastKnownFileType = sourcecode.swift; path = AppSettings.swift; sourceTree = "<group>"; };
		AA000000000000000000000F /* CadenceMetronome.swift */ = {isa = PBXFileReference; lastKnownFileType = sourcecode.swift; path = CadenceMetronome.swift; sourceTree = "<group>"; };
		AA0000000000000000000010 /* CueService.swift */ = {isa = PBXFileReference; lastKnownFileType = sourcecode.swift; path = CueService.swift; sourceTree = "<group>"; };
		AA0000000000000000000011 /* DailyActivityProvider.swift */ = {isa = PBXFileReference; lastKnownFileType = sourcecode.swift; path = DailyActivityProvider.swift; sourceTree = "<group>"; };
		AA0000000000000000000012 /* DataExporter.swift */ = {isa = PBXFileReference; lastKnownFileType = sourcecode.swift; path = DataExporter.swift; sourceTree = "<group>"; };
		AA0000000000000000000013 /* DataIntegrity.swift */ = {isa = PBXFileReference; lastKnownFileType = sourcecode.swift; path = DataIntegrity.swift; sourceTree = "<group>"; };
		AA0000000000000000000014 /* ExerciseLibrary.swift */ = {isa = PBXFileReference; lastKnownFileType = sourcecode.swift; path = ExerciseLibrary.swift; sourceTree = "<group>"; };
		AA0000000000000000000015 /* FitnessTest.swift */ = {isa = PBXFileReference; lastKnownFileType = sourcecode.swift; path = FitnessTest.swift; sourceTree = "<group>"; };
		AA0000000000000000000016 /* FitnessTestEngine.swift */ = {isa = PBXFileReference; lastKnownFileType = sourcecode.swift; path = FitnessTestEngine.swift; sourceTree = "<group>"; };
		AA0000000000000000000017 /* Formatters.swift */ = {isa = PBXFileReference; lastKnownFileType = sourcecode.swift; path = Formatters.swift; sourceTree = "<group>"; };
		AA0000000000000000000018 /* GPSWorkoutRecorder.swift */ = {isa = PBXFileReference; lastKnownFileType = sourcecode.swift; path = GPSWorkoutRecorder.swift; sourceTree = "<group>"; };
		AA0000000000000000000019 /* GeoMath.swift */ = {isa = PBXFileReference; lastKnownFileType = sourcecode.swift; path = GeoMath.swift; sourceTree = "<group>"; };
		AA000000000000000000001A /* HealthBackgroundMonitor.swift */ = {isa = PBXFileReference; lastKnownFileType = sourcecode.swift; path = HealthBackgroundMonitor.swift; sourceTree = "<group>"; };
		AA000000000000000000001B /* HealthKitImporter.swift */ = {isa = PBXFileReference; lastKnownFileType = sourcecode.swift; path = HealthKitImporter.swift; sourceTree = "<group>"; };
		AA000000000000000000001C /* HealthKitManager.swift */ = {isa = PBXFileReference; lastKnownFileType = sourcecode.swift; path = HealthKitManager.swift; sourceTree = "<group>"; };
		AA000000000000000000001D /* HealthKitSync.swift */ = {isa = PBXFileReference; lastKnownFileType = sourcecode.swift; path = HealthKitSync.swift; sourceTree = "<group>"; };
		AA000000000000000000001E /* IntensityCalculator.swift */ = {isa = PBXFileReference; lastKnownFileType = sourcecode.swift; path = IntensityCalculator.swift; sourceTree = "<group>"; };
		AA000000000000000000001F /* IntervalTimerEngine.swift */ = {isa = PBXFileReference; lastKnownFileType = sourcecode.swift; path = IntervalTimerEngine.swift; sourceTree = "<group>"; };
		AA0000000000000000000020 /* LapWorkoutEngine.swift */ = {isa = PBXFileReference; lastKnownFileType = sourcecode.swift; path = LapWorkoutEngine.swift; sourceTree = "<group>"; };
		AA0000000000000000000021 /* LiveActivityController.swift */ = {isa = PBXFileReference; lastKnownFileType = sourcecode.swift; path = LiveActivityController.swift; sourceTree = "<group>"; };
		AA0000000000000000000022 /* LocationManager.swift */ = {isa = PBXFileReference; lastKnownFileType = sourcecode.swift; path = LocationManager.swift; sourceTree = "<group>"; };
		AA0000000000000000000023 /* MapSnapshotter.swift */ = {isa = PBXFileReference; lastKnownFileType = sourcecode.swift; path = MapSnapshotter.swift; sourceTree = "<group>"; };
		AA0000000000000000000024 /* NotificationManager.swift */ = {isa = PBXFileReference; lastKnownFileType = sourcecode.swift; path = NotificationManager.swift; sourceTree = "<group>"; };
		AA0000000000000000000025 /* PedometerManager.swift */ = {isa = PBXFileReference; lastKnownFileType = sourcecode.swift; path = PedometerManager.swift; sourceTree = "<group>"; };
		AA0000000000000000000026 /* RepDetector.swift */ = {isa = PBXFileReference; lastKnownFileType = sourcecode.swift; path = RepDetector.swift; sourceTree = "<group>"; };
		AA0000000000000000000027 /* RouteFileExporter.swift */ = {isa = PBXFileReference; lastKnownFileType = sourcecode.swift; path = RouteFileExporter.swift; sourceTree = "<group>"; };
		AA0000000000000000000028 /* StatsEngine.swift */ = {isa = PBXFileReference; lastKnownFileType = sourcecode.swift; path = StatsEngine.swift; sourceTree = "<group>"; };
		AA0000000000000000000029 /* StepWorkoutEngine.swift */ = {isa = PBXFileReference; lastKnownFileType = sourcecode.swift; path = StepWorkoutEngine.swift; sourceTree = "<group>"; };
		AA000000000000000000002A /* StrideAutoCalibrator.swift */ = {isa = PBXFileReference; lastKnownFileType = sourcecode.swift; path = StrideAutoCalibrator.swift; sourceTree = "<group>"; };
		AA000000000000000000002B /* StrideCalibration.swift */ = {isa = PBXFileReference; lastKnownFileType = sourcecode.swift; path = StrideCalibration.swift; sourceTree = "<group>"; };
		AA000000000000000000002C /* TrainingLoadEngine.swift */ = {isa = PBXFileReference; lastKnownFileType = sourcecode.swift; path = TrainingLoadEngine.swift; sourceTree = "<group>"; };
		AA000000000000000000002D /* WorkoutActivityAttributes.swift */ = {isa = PBXFileReference; lastKnownFileType = sourcecode.swift; path = WorkoutActivityAttributes.swift; sourceTree = "<group>"; };
		AA000000000000000000002E /* WorkoutTarget.swift */ = {isa = PBXFileReference; lastKnownFileType = sourcecode.swift; path = WorkoutTarget.swift; sourceTree = "<group>"; };
		AA0000000000000000000030 /* WorkoutModels.swift */ = {isa = PBXFileReference; lastKnownFileType = sourcecode.swift; path = WorkoutModels.swift; sourceTree = "<group>"; };
		AA0000000000000000000032 /* Assets.xcassets */ = {isa = PBXFileReference; lastKnownFileType = folder.assetcatalog; path = Assets.xcassets; sourceTree = "<group>"; };
		AA0000000000000000000033 /* GPSTracker.entitlements */ = {isa = PBXFileReference; lastKnownFileType = text.plist.entitlements; path = GPSTracker.entitlements; sourceTree = "<group>"; };
		AA0000000000000000000034 /* Info.plist */ = {isa = PBXFileReference; lastKnownFileType = text.plist.xml; path = Info.plist; sourceTree = "<group>"; };
		AA0000000000000000000037 /* DailyActivityView.swift */ = {isa = PBXFileReference; lastKnownFileType = sourcecode.swift; path = DailyActivityView.swift; sourceTree = "<group>"; };
		AA0000000000000000000039 /* AnalyticsCharts.swift */ = {isa = PBXFileReference; lastKnownFileType = sourcecode.swift; path = AnalyticsCharts.swift; sourceTree = "<group>"; };
		AA000000000000000000003A /* AnalyticsView.swift */ = {isa = PBXFileReference; lastKnownFileType = sourcecode.swift; path = AnalyticsView.swift; sourceTree = "<group>"; };
		AA000000000000000000003B /* SplitCharts.swift */ = {isa = PBXFileReference; lastKnownFileType = sourcecode.swift; path = SplitCharts.swift; sourceTree = "<group>"; };
		AA000000000000000000003D /* StrideCalibrationView.swift */ = {isa = PBXFileReference; lastKnownFileType = sourcecode.swift; path = StrideCalibrationView.swift; sourceTree = "<group>"; };
		AA000000000000000000003F /* FitnessTestView.swift */ = {isa = PBXFileReference; lastKnownFileType = sourcecode.swift; path = FitnessTestView.swift; sourceTree = "<group>"; };
		AA0000000000000000000041 /* GPSTrackingView.swift */ = {isa = PBXFileReference; lastKnownFileType = sourcecode.swift; path = GPSTrackingView.swift; sourceTree = "<group>"; };
		AA0000000000000000000042 /* RoutePlaybackView.swift */ = {isa = PBXFileReference; lastKnownFileType = sourcecode.swift; path = RoutePlaybackView.swift; sourceTree = "<group>"; };
		AA0000000000000000000044 /* GoalSettingsView.swift */ = {isa = PBXFileReference; lastKnownFileType = sourcecode.swift; path = GoalSettingsView.swift; sourceTree = "<group>"; };
		AA0000000000000000000046 /* HistoryListView.swift */ = {isa = PBXFileReference; lastKnownFileType = sourcecode.swift; path = HistoryListView.swift; sourceTree = "<group>"; };
		AA0000000000000000000048 /* HomeView.swift */ = {isa = PBXFileReference; lastKnownFileType = sourcecode.swift; path = HomeView.swift; sourceTree = "<group>"; };
		AA000000000000000000004A /* HealthImportView.swift */ = {isa = PBXFileReference; lastKnownFileType = sourcecode.swift; path = HealthImportView.swift; sourceTree = "<group>"; };
		AA000000000000000000004C /* IndoorRepsView.swift */ = {isa = PBXFileReference; lastKnownFileType = sourcecode.swift; path = IndoorRepsView.swift; sourceTree = "<group>"; };
		AA000000000000000000004E /* IntervalTimerView.swift */ = {isa = PBXFileReference; lastKnownFileType = sourcecode.swift; path = IntervalTimerView.swift; sourceTree = "<group>"; };
		AA0000000000000000000050 /* LapCounterView.swift */ = {isa = PBXFileReference; lastKnownFileType = sourcecode.swift; path = LapCounterView.swift; sourceTree = "<group>"; };
		AA0000000000000000000052 /* ManualEntryView.swift */ = {isa = PBXFileReference; lastKnownFileType = sourcecode.swift; path = ManualEntryView.swift; sourceTree = "<group>"; };
		AA0000000000000000000054 /* PBDashboardView.swift */ = {isa = PBXFileReference; lastKnownFileType = sourcecode.swift; path = PBDashboardView.swift; sourceTree = "<group>"; };
		AA0000000000000000000056 /* SettingsView.swift */ = {isa = PBXFileReference; lastKnownFileType = sourcecode.swift; path = SettingsView.swift; sourceTree = "<group>"; };
		AA0000000000000000000058 /* StepWorkoutView.swift */ = {isa = PBXFileReference; lastKnownFileType = sourcecode.swift; path = StepWorkoutView.swift; sourceTree = "<group>"; };
		AA000000000000000000005A /* ShareCardView.swift */ = {isa = PBXFileReference; lastKnownFileType = sourcecode.swift; path = ShareCardView.swift; sourceTree = "<group>"; };
		AA000000000000000000005B /* WorkoutSummaryView.swift */ = {isa = PBXFileReference; lastKnownFileType = sourcecode.swift; path = WorkoutSummaryView.swift; sourceTree = "<group>"; };
		AA000000000000000000005D /* GPSTrackerWidgets.entitlements */ = {isa = PBXFileReference; lastKnownFileType = text.plist.entitlements; path = GPSTrackerWidgets.entitlements; sourceTree = "<group>"; };
		AA000000000000000000005E /* GPSTrackerWidgetsBundle.swift */ = {isa = PBXFileReference; lastKnownFileType = sourcecode.swift; path = GPSTrackerWidgetsBundle.swift; sourceTree = "<group>"; };
		AA000000000000000000005F /* Info.plist */ = {isa = PBXFileReference; lastKnownFileType = text.plist.xml; path = Info.plist; sourceTree = "<group>"; };
		AA0000000000000000000060 /* StepsWidget.swift */ = {isa = PBXFileReference; lastKnownFileType = sourcecode.swift; path = StepsWidget.swift; sourceTree = "<group>"; };
		AA0000000000000000000061 /* WidgetSupport.swift */ = {isa = PBXFileReference; lastKnownFileType = sourcecode.swift; path = WidgetSupport.swift; sourceTree = "<group>"; };
		AA0000000000000000000062 /* WorkoutLiveActivity.swift */ = {isa = PBXFileReference; lastKnownFileType = sourcecode.swift; path = WorkoutLiveActivity.swift; sourceTree = "<group>"; };
/* End PBXFileReference section */

/* Begin PBXFrameworksBuildPhase section */
		AA00000000000000000000B1 /* Frameworks */ = {
			isa = PBXFrameworksBuildPhase;
			buildActionMask = 2147483647;
			files = (
			);
			runOnlyForDeploymentPostprocessing = 0;
		};
		AA00000000000000000000B5 /* Frameworks */ = {
			isa = PBXFrameworksBuildPhase;
			buildActionMask = 2147483647;
			files = (
			);
			runOnlyForDeploymentPostprocessing = 0;
		};
/* End PBXFrameworksBuildPhase section */

/* Begin PBXGroup section */
		AA00000000000000000000AC = {
			isa = PBXGroup;
			children = (
				AA0000000000000000000001 /* GPSTracker */,
				AA000000000000000000005C /* GPSTrackerWidgets */,
				AA00000000000000000000AB /* Products */,
			);
			sourceTree = "<group>";
		};
		AA00000000000000000000AB /* Products */ = {
			isa = PBXGroup;
			children = (
				AA00000000000000000000A9 /* GPSTracker.app */,
				AA00000000000000000000AA /* GPSTrackerWidgets.appex */,
			);
			name = Products;
			sourceTree = "<group>";
		};
		AA0000000000000000000001 /* GPSTracker */ = {
			isa = PBXGroup;
			children = (
				AA0000000000000000000002 /* App */,
				AA0000000000000000000005 /* Components */,
				AA000000000000000000000B /* Core */,
				AA000000000000000000002F /* Models */,
				AA0000000000000000000031 /* Resources */,
				AA0000000000000000000035 /* Views */,
			);
			path = GPSTracker;
			sourceTree = "<group>";
		};
		AA0000000000000000000002 /* App */ = {
			isa = PBXGroup;
			children = (
				AA0000000000000000000003 /* GPSTrackerApp.swift */,
				AA0000000000000000000004 /* RootView.swift */,
			);
			path = App;
			sourceTree = "<group>";
		};
		AA0000000000000000000005 /* Components */ = {
			isa = PBXGroup;
			children = (
				AA0000000000000000000006 /* CelebrationOverlay.swift */,
				AA0000000000000000000007 /* EmptyStateView.swift */,
				AA0000000000000000000008 /* MetricViews.swift */,
				AA0000000000000000000009 /* RouteRendering.swift */,
				AA000000000000000000000A /* Theme.swift */,
			);
			path = Components;
			sourceTree = "<group>";
		};
		AA000000000000000000000B /* Core */ = {
			isa = PBXGroup;
			children = (
				AA000000000000000000000C /* ActivityTypeDetector.swift */,
				AA000000000000000000000D /* AltimeterManager.swift */,
				AA000000000000000000000E /* AppSettings.swift */,
				AA000000000000000000000F /* CadenceMetronome.swift */,
				AA0000000000000000000010 /* CueService.swift */,
				AA0000000000000000000011 /* DailyActivityProvider.swift */,
				AA0000000000000000000012 /* DataExporter.swift */,
				AA0000000000000000000013 /* DataIntegrity.swift */,
				AA0000000000000000000014 /* ExerciseLibrary.swift */,
				AA0000000000000000000015 /* FitnessTest.swift */,
				AA0000000000000000000016 /* FitnessTestEngine.swift */,
				AA0000000000000000000017 /* Formatters.swift */,
				AA0000000000000000000018 /* GPSWorkoutRecorder.swift */,
				AA0000000000000000000019 /* GeoMath.swift */,
				AA000000000000000000001A /* HealthBackgroundMonitor.swift */,
				AA000000000000000000001B /* HealthKitImporter.swift */,
				AA000000000000000000001C /* HealthKitManager.swift */,
				AA000000000000000000001D /* HealthKitSync.swift */,
				AA000000000000000000001E /* IntensityCalculator.swift */,
				AA000000000000000000001F /* IntervalTimerEngine.swift */,
				AA0000000000000000000020 /* LapWorkoutEngine.swift */,
				AA0000000000000000000021 /* LiveActivityController.swift */,
				AA0000000000000000000022 /* LocationManager.swift */,
				AA0000000000000000000023 /* MapSnapshotter.swift */,
				AA0000000000000000000024 /* NotificationManager.swift */,
				AA0000000000000000000025 /* PedometerManager.swift */,
				AA0000000000000000000026 /* RepDetector.swift */,
				AA0000000000000000000027 /* RouteFileExporter.swift */,
				AA0000000000000000000028 /* StatsEngine.swift */,
				AA0000000000000000000029 /* StepWorkoutEngine.swift */,
				AA000000000000000000002A /* StrideAutoCalibrator.swift */,
				AA000000000000000000002B /* StrideCalibration.swift */,
				AA000000000000000000002C /* TrainingLoadEngine.swift */,
				AA000000000000000000002D /* WorkoutActivityAttributes.swift */,
				AA000000000000000000002E /* WorkoutTarget.swift */,
			);
			path = Core;
			sourceTree = "<group>";
		};
		AA000000000000000000002F /* Models */ = {
			isa = PBXGroup;
			children = (
				AA0000000000000000000030 /* WorkoutModels.swift */,
			);
			path = Models;
			sourceTree = "<group>";
		};
		AA0000000000000000000031 /* Resources */ = {
			isa = PBXGroup;
			children = (
				AA0000000000000000000032 /* Assets.xcassets */,
				AA0000000000000000000033 /* GPSTracker.entitlements */,
				AA0000000000000000000034 /* Info.plist */,
			);
			path = Resources;
			sourceTree = "<group>";
		};
		AA0000000000000000000035 /* Views */ = {
			isa = PBXGroup;
			children = (
				AA0000000000000000000036 /* Activity */,
				AA0000000000000000000038 /* Analytics */,
				AA000000000000000000003C /* Calibration */,
				AA000000000000000000003E /* FitnessTest */,
				AA0000000000000000000040 /* GPS */,
				AA0000000000000000000043 /* Goals */,
				AA0000000000000000000045 /* History */,
				AA0000000000000000000047 /* Home */,
				AA0000000000000000000049 /* Import */,
				AA000000000000000000004B /* Indoor */,
				AA000000000000000000004D /* Interval */,
				AA000000000000000000004F /* Lap */,
				AA0000000000000000000051 /* Manual */,
				AA0000000000000000000053 /* Records */,
				AA0000000000000000000055 /* Settings */,
				AA0000000000000000000057 /* Step */,
				AA0000000000000000000059 /* Summary */,
			);
			path = Views;
			sourceTree = "<group>";
		};
		AA0000000000000000000036 /* Activity */ = {
			isa = PBXGroup;
			children = (
				AA0000000000000000000037 /* DailyActivityView.swift */,
			);
			path = Activity;
			sourceTree = "<group>";
		};
		AA0000000000000000000038 /* Analytics */ = {
			isa = PBXGroup;
			children = (
				AA0000000000000000000039 /* AnalyticsCharts.swift */,
				AA000000000000000000003A /* AnalyticsView.swift */,
				AA000000000000000000003B /* SplitCharts.swift */,
			);
			path = Analytics;
			sourceTree = "<group>";
		};
		AA000000000000000000003C /* Calibration */ = {
			isa = PBXGroup;
			children = (
				AA000000000000000000003D /* StrideCalibrationView.swift */,
			);
			path = Calibration;
			sourceTree = "<group>";
		};
		AA000000000000000000003E /* FitnessTest */ = {
			isa = PBXGroup;
			children = (
				AA000000000000000000003F /* FitnessTestView.swift */,
			);
			path = FitnessTest;
			sourceTree = "<group>";
		};
		AA0000000000000000000040 /* GPS */ = {
			isa = PBXGroup;
			children = (
				AA0000000000000000000041 /* GPSTrackingView.swift */,
				AA0000000000000000000042 /* RoutePlaybackView.swift */,
			);
			path = GPS;
			sourceTree = "<group>";
		};
		AA0000000000000000000043 /* Goals */ = {
			isa = PBXGroup;
			children = (
				AA0000000000000000000044 /* GoalSettingsView.swift */,
			);
			path = Goals;
			sourceTree = "<group>";
		};
		AA0000000000000000000045 /* History */ = {
			isa = PBXGroup;
			children = (
				AA0000000000000000000046 /* HistoryListView.swift */,
			);
			path = History;
			sourceTree = "<group>";
		};
		AA0000000000000000000047 /* Home */ = {
			isa = PBXGroup;
			children = (
				AA0000000000000000000048 /* HomeView.swift */,
			);
			path = Home;
			sourceTree = "<group>";
		};
		AA0000000000000000000049 /* Import */ = {
			isa = PBXGroup;
			children = (
				AA000000000000000000004A /* HealthImportView.swift */,
			);
			path = Import;
			sourceTree = "<group>";
		};
		AA000000000000000000004B /* Indoor */ = {
			isa = PBXGroup;
			children = (
				AA000000000000000000004C /* IndoorRepsView.swift */,
			);
			path = Indoor;
			sourceTree = "<group>";
		};
		AA000000000000000000004D /* Interval */ = {
			isa = PBXGroup;
			children = (
				AA000000000000000000004E /* IntervalTimerView.swift */,
			);
			path = Interval;
			sourceTree = "<group>";
		};
		AA000000000000000000004F /* Lap */ = {
			isa = PBXGroup;
			children = (
				AA0000000000000000000050 /* LapCounterView.swift */,
			);
			path = Lap;
			sourceTree = "<group>";
		};
		AA0000000000000000000051 /* Manual */ = {
			isa = PBXGroup;
			children = (
				AA0000000000000000000052 /* ManualEntryView.swift */,
			);
			path = Manual;
			sourceTree = "<group>";
		};
		AA0000000000000000000053 /* Records */ = {
			isa = PBXGroup;
			children = (
				AA0000000000000000000054 /* PBDashboardView.swift */,
			);
			path = Records;
			sourceTree = "<group>";
		};
		AA0000000000000000000055 /* Settings */ = {
			isa = PBXGroup;
			children = (
				AA0000000000000000000056 /* SettingsView.swift */,
			);
			path = Settings;
			sourceTree = "<group>";
		};
		AA0000000000000000000057 /* Step */ = {
			isa = PBXGroup;
			children = (
				AA0000000000000000000058 /* StepWorkoutView.swift */,
			);
			path = Step;
			sourceTree = "<group>";
		};
		AA0000000000000000000059 /* Summary */ = {
			isa = PBXGroup;
			children = (
				AA000000000000000000005A /* ShareCardView.swift */,
				AA000000000000000000005B /* WorkoutSummaryView.swift */,
			);
			path = Summary;
			sourceTree = "<group>";
		};
		AA000000000000000000005C /* GPSTrackerWidgets */ = {
			isa = PBXGroup;
			children = (
				AA000000000000000000005D /* GPSTrackerWidgets.entitlements */,
				AA000000000000000000005E /* GPSTrackerWidgetsBundle.swift */,
				AA000000000000000000005F /* Info.plist */,
				AA0000000000000000000060 /* StepsWidget.swift */,
				AA0000000000000000000061 /* WidgetSupport.swift */,
				AA0000000000000000000062 /* WorkoutLiveActivity.swift */,
			);
			path = GPSTrackerWidgets;
			sourceTree = "<group>";
		};
/* End PBXGroup section */

/* Begin PBXNativeTarget section */
		AA00000000000000000000AD /* GPSTracker */ = {
			isa = PBXNativeTarget;
			buildConfigurationList = AA00000000000000000000BB /* Build configuration list for PBXNativeTarget "GPSTracker" */;
			buildPhases = (
				AA00000000000000000000B0 /* Sources */,
				AA00000000000000000000B1 /* Frameworks */,
				AA00000000000000000000B2 /* Resources */,
				AA00000000000000000000B3 /* Embed Foundation Extensions */,
			);
			buildRules = (
			);
			dependencies = (
				AA00000000000000000000B8 /* PBXTargetDependency */,
			);
			name = GPSTracker;
			productName = GPSTracker;
			productReference = AA00000000000000000000A9 /* GPSTracker.app */;
			productType = "com.apple.product-type.application";
		};
		AA00000000000000000000AE /* GPSTrackerWidgets */ = {
			isa = PBXNativeTarget;
			buildConfigurationList = AA00000000000000000000BC /* Build configuration list for PBXNativeTarget "GPSTrackerWidgets" */;
			buildPhases = (
				AA00000000000000000000B4 /* Sources */,
				AA00000000000000000000B5 /* Frameworks */,
				AA00000000000000000000B6 /* Resources */,
			);
			buildRules = (
			);
			dependencies = (
			);
			name = GPSTrackerWidgets;
			productName = GPSTrackerWidgets;
			productReference = AA00000000000000000000AA /* GPSTrackerWidgets.appex */;
			productType = "com.apple.product-type.app-extension";
		};
/* End PBXNativeTarget section */

/* Begin PBXProject section */
		AA00000000000000000000AF /* Project object */ = {
			isa = PBXProject;
			attributes = {
				BuildIndependentTargetsInParallel = 1;
				LastSwiftUpdateCheck = 1500;
				LastUpgradeCheck = 1500;
				TargetAttributes = {
					AA00000000000000000000AD = {
						CreatedOnToolsVersion = 15.0;
					};
					AA00000000000000000000AE = {
						CreatedOnToolsVersion = 15.0;
					};
				};
			};
			buildConfigurationList = AA00000000000000000000BA /* Build configuration list for PBXProject "GPSTracker" */;
			compatibilityVersion = "Xcode 14.0";
			developmentRegion = en;
			hasScannedForEncodings = 0;
			knownRegions = (
				en,
				Base,
			);
			mainGroup = AA00000000000000000000AC;
			productRefGroup = AA00000000000000000000AB /* Products */;
			projectDirPath = "";
			projectRoot = "";
			targets = (
				AA00000000000000000000AD /* GPSTracker */,
				AA00000000000000000000AE /* GPSTrackerWidgets */,
			);
		};
/* End PBXProject section */

/* Begin PBXResourcesBuildPhase section */
		AA00000000000000000000B2 /* Resources */ = {
			isa = PBXResourcesBuildPhase;
			buildActionMask = 2147483647;
			files = (
				AA00000000000000000000A3 /* Assets.xcassets in Resources */,
			);
			runOnlyForDeploymentPostprocessing = 0;
		};
		AA00000000000000000000B6 /* Resources */ = {
			isa = PBXResourcesBuildPhase;
			buildActionMask = 2147483647;
			files = (
			);
			runOnlyForDeploymentPostprocessing = 0;
		};
/* End PBXResourcesBuildPhase section */

/* Begin PBXSourcesBuildPhase section */
		AA00000000000000000000B0 /* Sources */ = {
			isa = PBXSourcesBuildPhase;
			buildActionMask = 2147483647;
			files = (
				AA0000000000000000000063 /* GPSTrackerApp.swift in Sources */,
				AA0000000000000000000064 /* RootView.swift in Sources */,
				AA0000000000000000000065 /* CelebrationOverlay.swift in Sources */,
				AA0000000000000000000066 /* EmptyStateView.swift in Sources */,
				AA0000000000000000000067 /* MetricViews.swift in Sources */,
				AA0000000000000000000068 /* RouteRendering.swift in Sources */,
				AA0000000000000000000069 /* Theme.swift in Sources */,
				AA000000000000000000006A /* ActivityTypeDetector.swift in Sources */,
				AA000000000000000000006B /* AltimeterManager.swift in Sources */,
				AA000000000000000000006C /* AppSettings.swift in Sources */,
				AA000000000000000000006D /* CadenceMetronome.swift in Sources */,
				AA000000000000000000006E /* CueService.swift in Sources */,
				AA000000000000000000006F /* DailyActivityProvider.swift in Sources */,
				AA0000000000000000000070 /* DataExporter.swift in Sources */,
				AA0000000000000000000071 /* DataIntegrity.swift in Sources */,
				AA0000000000000000000072 /* ExerciseLibrary.swift in Sources */,
				AA0000000000000000000073 /* FitnessTest.swift in Sources */,
				AA0000000000000000000074 /* FitnessTestEngine.swift in Sources */,
				AA0000000000000000000075 /* Formatters.swift in Sources */,
				AA0000000000000000000076 /* GPSWorkoutRecorder.swift in Sources */,
				AA0000000000000000000077 /* GeoMath.swift in Sources */,
				AA0000000000000000000078 /* HealthBackgroundMonitor.swift in Sources */,
				AA0000000000000000000079 /* HealthKitImporter.swift in Sources */,
				AA000000000000000000007A /* HealthKitManager.swift in Sources */,
				AA000000000000000000007B /* HealthKitSync.swift in Sources */,
				AA000000000000000000007C /* IntensityCalculator.swift in Sources */,
				AA000000000000000000007D /* IntervalTimerEngine.swift in Sources */,
				AA000000000000000000007E /* LapWorkoutEngine.swift in Sources */,
				AA000000000000000000007F /* LiveActivityController.swift in Sources */,
				AA0000000000000000000080 /* LocationManager.swift in Sources */,
				AA0000000000000000000081 /* MapSnapshotter.swift in Sources */,
				AA0000000000000000000082 /* NotificationManager.swift in Sources */,
				AA0000000000000000000083 /* PedometerManager.swift in Sources */,
				AA0000000000000000000084 /* RepDetector.swift in Sources */,
				AA0000000000000000000085 /* RouteFileExporter.swift in Sources */,
				AA0000000000000000000086 /* StatsEngine.swift in Sources */,
				AA0000000000000000000087 /* StepWorkoutEngine.swift in Sources */,
				AA0000000000000000000088 /* StrideAutoCalibrator.swift in Sources */,
				AA0000000000000000000089 /* StrideCalibration.swift in Sources */,
				AA000000000000000000008A /* TrainingLoadEngine.swift in Sources */,
				AA000000000000000000008B /* WorkoutActivityAttributes.swift in Sources */,
				AA000000000000000000008C /* WorkoutTarget.swift in Sources */,
				AA000000000000000000008D /* WorkoutModels.swift in Sources */,
				AA000000000000000000008E /* DailyActivityView.swift in Sources */,
				AA000000000000000000008F /* AnalyticsCharts.swift in Sources */,
				AA0000000000000000000090 /* AnalyticsView.swift in Sources */,
				AA0000000000000000000091 /* SplitCharts.swift in Sources */,
				AA0000000000000000000092 /* StrideCalibrationView.swift in Sources */,
				AA0000000000000000000093 /* FitnessTestView.swift in Sources */,
				AA0000000000000000000094 /* GPSTrackingView.swift in Sources */,
				AA0000000000000000000095 /* RoutePlaybackView.swift in Sources */,
				AA0000000000000000000096 /* GoalSettingsView.swift in Sources */,
				AA0000000000000000000097 /* HistoryListView.swift in Sources */,
				AA0000000000000000000098 /* HomeView.swift in Sources */,
				AA0000000000000000000099 /* HealthImportView.swift in Sources */,
				AA000000000000000000009A /* IndoorRepsView.swift in Sources */,
				AA000000000000000000009B /* IntervalTimerView.swift in Sources */,
				AA000000000000000000009C /* LapCounterView.swift in Sources */,
				AA000000000000000000009D /* ManualEntryView.swift in Sources */,
				AA000000000000000000009E /* PBDashboardView.swift in Sources */,
				AA000000000000000000009F /* SettingsView.swift in Sources */,
				AA00000000000000000000A0 /* StepWorkoutView.swift in Sources */,
				AA00000000000000000000A1 /* ShareCardView.swift in Sources */,
				AA00000000000000000000A2 /* WorkoutSummaryView.swift in Sources */,
			);
			runOnlyForDeploymentPostprocessing = 0;
		};
		AA00000000000000000000B4 /* Sources */ = {
			isa = PBXSourcesBuildPhase;
			buildActionMask = 2147483647;
			files = (
				AA00000000000000000000A4 /* GPSTrackerWidgetsBundle.swift in Sources */,
				AA00000000000000000000A5 /* StepsWidget.swift in Sources */,
				AA00000000000000000000A6 /* WidgetSupport.swift in Sources */,
				AA00000000000000000000A7 /* WorkoutLiveActivity.swift in Sources */,
				AA00000000000000000000A8 /* WorkoutActivityAttributes.swift in Sources */,
			);
			runOnlyForDeploymentPostprocessing = 0;
		};
/* End PBXSourcesBuildPhase section */

/* Begin PBXTargetDependency section */
		AA00000000000000000000B8 /* PBXTargetDependency */ = {
			isa = PBXTargetDependency;
			target = AA00000000000000000000AE /* GPSTrackerWidgets */;
			targetProxy = AA00000000000000000000B9 /* PBXContainerItemProxy */;
		};
/* End PBXTargetDependency section */

/* Begin XCBuildConfiguration section */
		AA00000000000000000000BD /* Debug */ = {
			isa = XCBuildConfiguration;
			buildSettings = {
				ALWAYS_SEARCH_USER_PATHS = NO;
				CLANG_ANALYZER_NONNULL = YES;
				CLANG_ENABLE_MODULES = YES;
				CLANG_ENABLE_OBJC_ARC = YES;
				COPY_PHASE_STRIP = NO;
				ENABLE_STRICT_OBJC_MSGSEND = YES;
				GCC_C_LANGUAGE_STANDARD = gnu17;
				IPHONEOS_DEPLOYMENT_TARGET = 17.0;
				MTL_FAST_MATH = YES;
				SDKROOT = iphoneos;
				SWIFT_VERSION = 5.0;
				DEBUG_INFORMATION_FORMAT = dwarf;
				ENABLE_TESTABILITY = YES;
				GCC_OPTIMIZATION_LEVEL = 0;
				MTL_ENABLE_DEBUG_INFO = INCLUDE_SOURCE;
				ONLY_ACTIVE_ARCH = YES;
				SWIFT_ACTIVE_COMPILATION_CONDITIONS = DEBUG;
				SWIFT_OPTIMIZATION_LEVEL = "-Onone";
			};
			name = Debug;
		};
		AA00000000000000000000BE /* Release */ = {
			isa = XCBuildConfiguration;
			buildSettings = {
				ALWAYS_SEARCH_USER_PATHS = NO;
				CLANG_ANALYZER_NONNULL = YES;
				CLANG_ENABLE_MODULES = YES;
				CLANG_ENABLE_OBJC_ARC = YES;
				COPY_PHASE_STRIP = NO;
				ENABLE_STRICT_OBJC_MSGSEND = YES;
				GCC_C_LANGUAGE_STANDARD = gnu17;
				IPHONEOS_DEPLOYMENT_TARGET = 17.0;
				MTL_FAST_MATH = YES;
				SDKROOT = iphoneos;
				SWIFT_VERSION = 5.0;
				DEBUG_INFORMATION_FORMAT = "dwarf-with-dsym";
				ENABLE_NS_ASSERTIONS = NO;
				MTL_ENABLE_DEBUG_INFO = NO;
				SWIFT_COMPILATION_MODE = wholemodule;
				SWIFT_OPTIMIZATION_LEVEL = "-O";
				VALIDATE_PRODUCT = YES;
			};
			name = Release;
		};
		AA00000000000000000000BF /* Debug */ = {
			isa = XCBuildConfiguration;
			buildSettings = {
				CODE_SIGN_IDENTITY = "";
				CODE_SIGN_STYLE = Manual;
				CODE_SIGNING_ALLOWED = NO;
				CODE_SIGNING_REQUIRED = NO;
				DEVELOPMENT_TEAM = "";
				PROVISIONING_PROFILE_SPECIFIER = "";
				ASSETCATALOG_COMPILER_APPICON_NAME = AppIcon;
				ASSETCATALOG_COMPILER_GLOBAL_ACCENT_COLOR_NAME = AccentColor;
				CODE_SIGN_ENTITLEMENTS = GPSTracker/Resources/GPSTracker.entitlements;
				CURRENT_PROJECT_VERSION = 1;
				ENABLE_PREVIEWS = YES;
				GENERATE_INFOPLIST_FILE = NO;
				INFOPLIST_FILE = GPSTracker/Resources/Info.plist;
				LD_RUNPATH_SEARCH_PATHS = (
					"$(inherited)",
					"@executable_path/Frameworks",
				);
				MARKETING_VERSION = 1.2;
				PRODUCT_BUNDLE_IDENTIFIER = com.gpstracker.app;
				PRODUCT_NAME = "$(TARGET_NAME)";
				SWIFT_EMIT_LOC_STRINGS = YES;
				TARGETED_DEVICE_FAMILY = "1,2";
			};
			name = Debug;
		};
		AA00000000000000000000C0 /* Release */ = {
			isa = XCBuildConfiguration;
			buildSettings = {
				CODE_SIGN_IDENTITY = "";
				CODE_SIGN_STYLE = Manual;
				CODE_SIGNING_ALLOWED = NO;
				CODE_SIGNING_REQUIRED = NO;
				DEVELOPMENT_TEAM = "";
				PROVISIONING_PROFILE_SPECIFIER = "";
				ASSETCATALOG_COMPILER_APPICON_NAME = AppIcon;
				ASSETCATALOG_COMPILER_GLOBAL_ACCENT_COLOR_NAME = AccentColor;
				CODE_SIGN_ENTITLEMENTS = GPSTracker/Resources/GPSTracker.entitlements;
				CURRENT_PROJECT_VERSION = 1;
				ENABLE_PREVIEWS = YES;
				GENERATE_INFOPLIST_FILE = NO;
				INFOPLIST_FILE = GPSTracker/Resources/Info.plist;
				LD_RUNPATH_SEARCH_PATHS = (
					"$(inherited)",
					"@executable_path/Frameworks",
				);
				MARKETING_VERSION = 1.2;
				PRODUCT_BUNDLE_IDENTIFIER = com.gpstracker.app;
				PRODUCT_NAME = "$(TARGET_NAME)";
				SWIFT_EMIT_LOC_STRINGS = YES;
				TARGETED_DEVICE_FAMILY = "1,2";
			};
			name = Release;
		};
		AA00000000000000000000C1 /* Debug */ = {
			isa = XCBuildConfiguration;
			buildSettings = {
				CODE_SIGN_IDENTITY = "";
				CODE_SIGN_STYLE = Manual;
				CODE_SIGNING_ALLOWED = NO;
				CODE_SIGNING_REQUIRED = NO;
				DEVELOPMENT_TEAM = "";
				PROVISIONING_PROFILE_SPECIFIER = "";
				CODE_SIGN_ENTITLEMENTS = GPSTrackerWidgets/GPSTrackerWidgets.entitlements;
				CURRENT_PROJECT_VERSION = 1;
				ENABLE_PREVIEWS = YES;
				GENERATE_INFOPLIST_FILE = NO;
				INFOPLIST_FILE = GPSTrackerWidgets/Info.plist;
				LD_RUNPATH_SEARCH_PATHS = (
					"$(inherited)",
					"@executable_path/Frameworks",
					"@executable_path/../../Frameworks",
				);
				MARKETING_VERSION = 1.2;
				PRODUCT_BUNDLE_IDENTIFIER = com.gpstracker.app.widgets;
				PRODUCT_NAME = "$(TARGET_NAME)";
				SKIP_INSTALL = YES;
				SWIFT_EMIT_LOC_STRINGS = YES;
				TARGETED_DEVICE_FAMILY = "1,2";
			};
			name = Debug;
		};
		AA00000000000000000000C2 /* Release */ = {
			isa = XCBuildConfiguration;
			buildSettings = {
				CODE_SIGN_IDENTITY = "";
				CODE_SIGN_STYLE = Manual;
				CODE_SIGNING_ALLOWED = NO;
				CODE_SIGNING_REQUIRED = NO;
				DEVELOPMENT_TEAM = "";
				PROVISIONING_PROFILE_SPECIFIER = "";
				CODE_SIGN_ENTITLEMENTS = GPSTrackerWidgets/GPSTrackerWidgets.entitlements;
				CURRENT_PROJECT_VERSION = 1;
				ENABLE_PREVIEWS = YES;
				GENERATE_INFOPLIST_FILE = NO;
				INFOPLIST_FILE = GPSTrackerWidgets/Info.plist;
				LD_RUNPATH_SEARCH_PATHS = (
					"$(inherited)",
					"@executable_path/Frameworks",
					"@executable_path/../../Frameworks",
				);
				MARKETING_VERSION = 1.2;
				PRODUCT_BUNDLE_IDENTIFIER = com.gpstracker.app.widgets;
				PRODUCT_NAME = "$(TARGET_NAME)";
				SKIP_INSTALL = YES;
				SWIFT_EMIT_LOC_STRINGS = YES;
				TARGETED_DEVICE_FAMILY = "1,2";
			};
			name = Release;
		};
/* End XCBuildConfiguration section */

/* Begin XCConfigurationList section */
		AA00000000000000000000BA /* Build configuration list for PBXProject "GPSTracker" */ = {
			isa = XCConfigurationList;
			buildConfigurations = (
				AA00000000000000000000BD /* Debug */,
				AA00000000000000000000BE /* Release */,
			);
			defaultConfigurationIsVisible = 0;
			defaultConfigurationName = Release;
		};
		AA00000000000000000000BB /* Build configuration list for PBXNativeTarget "GPSTracker" */ = {
			isa = XCConfigurationList;
			buildConfigurations = (
				AA00000000000000000000BF /* Debug */,
				AA00000000000000000000C0 /* Release */,
			);
			defaultConfigurationIsVisible = 0;
			defaultConfigurationName = Release;
		};
		AA00000000000000000000BC /* Build configuration list for PBXNativeTarget "GPSTrackerWidgets" */ = {
			isa = XCConfigurationList;
			buildConfigurations = (
				AA00000000000000000000C1 /* Debug */,
				AA00000000000000000000C2 /* Release */,
			);
			defaultConfigurationIsVisible = 0;
			defaultConfigurationName = Release;
		};
/* End XCConfigurationList section */
	};
	rootObject = AA00000000000000000000AF /* Project object */;
}
